PODS:
  - AWSAPIGateway (2.22.0):
    - AWSCore (= 2.22.0)
  - AWSCore (2.22.0)
  - AWSIoT (2.22.0):
    - AWSCore (= 2.22.0)
  - iOSDFULibrary (4.5.1):
    - ZIPFoundation (= 0.9.9)
  - SesameSDK (1.0.0):
    - AWSAPIGateway (= 2.22.0)
    - AWSCore (= 2.22.0)
    - AWSIoT (= 2.22.0)
  - SesameWatchKitSDK (1.0.0)
  - ZIPFoundation (0.9.9)

DEPENDENCIES:
  - iOSDFULibrary (= 4.5.1)
  - "SesameSDK (from `git@github.com:CANDY-HOUSE/SesameSDK_iOS.git`, branch `main`)"
  - "SesameWatchKitSDK (from `git@github.com:CANDY-HOUSE/SesameSDK_iOS.git`, branch `main`)"

SPEC REPOS:
  trunk:
    - AWSAPIGateway
    - AWSCore
    - AWSIoT
    - iOSDFULibrary
    - ZIPFoundation

EXTERNAL SOURCES:
  SesameSDK:
    :branch: main
    :git: "git@github.com:CANDY-HOUSE/SesameSDK_iOS.git"
  SesameWatchKitSDK:
    :branch: main
    :git: "git@github.com:CANDY-HOUSE/SesameSDK_iOS.git"

CHECKOUT OPTIONS:
  SesameSDK:
    :commit: 966a26aafe00bb645a635338894a20373ceef21c
    :git: "git@github.com:CANDY-HOUSE/SesameSDK_iOS.git"
  SesameWatchKitSDK:
    :commit: 966a26aafe00bb645a635338894a20373ceef21c
    :git: "git@github.com:CANDY-HOUSE/SesameSDK_iOS.git"

SPEC CHECKSUMS:
  AWSAPIGateway: 75598982b238b6795241492f0802a17473280c93
  AWSCore: 8bd1def9cb0b6770c65b6d394f1c1cbc0a5562b7
  AWSIoT: 708e1284bf67df14f263f8f76c6a7fb0e0e14e1f
  iOSDFULibrary: 87c6a088cf7172e3694dfaa8305e7ded5eda2547
  SesameSDK: 2968c53765333c67a86b1049e983dbaf45a36d55
  SesameWatchKitSDK: da55d08a5cf694e28810428fd58a24d00a0bf3d2
  ZIPFoundation: 89df685c971926b0323087952320bdfee9f0b6ef

PODFILE CHECKSUM: 1f140a8e62fa3e38a6a895a7a175f2d3c90278fb

COCOAPODS: 1.10.1
