PODS:
  - AWSAPIGateway (2.22.0):
    - AWSCore (= 2.22.0)
  - AWSCore (2.22.0)
  - AWSIoT (2.22.0):
    - AWSCore (= 2.22.0)
  - iOSDFULibrary (4.5.1):
    - ZIPFoundation (= 0.9.9)
  - SesameSDK (1.0.0):
    - AWSAPIGateway (= 2.22.0)
    - AWSCore (= 2.22.0)
    - AWSIoT (= 2.22.0)
  - SesameWatchKitSDK (1.0.0)
  - ZIPFoundation (0.9.9)

DEPENDENCIES:
  - iOSDFULibrary (= 4.5.1)
  - "SesameSDK (from `git@github.com:CANDY-HOUSE/SesameSDK_iOS_with_DemoApp.git`, branch `master`)"
  - "SesameWatchKitSDK (from `git@github.com:CANDY-HOUSE/SesameSDK_iOS_with_DemoApp.git`, branch `master`)"

SPEC REPOS:
  trunk:
    - AWSAPIGateway
    - AWSCore
    - AWSIoT
    - iOSDFULibrary
    - ZIPFoundation

EXTERNAL SOURCES:
  SesameSDK:
    :branch: master
    :git: "git@github.com:CANDY-HOUSE/SesameSDK_iOS_with_DemoApp.git"
  SesameWatchKitSDK:
    :branch: master
    :git: "git@github.com:CANDY-HOUSE/SesameSDK_iOS_with_DemoApp.git"

CHECKOUT OPTIONS:
  SesameSDK:
    :commit: 7f76de27e069090cdfc8c551c9c9c7c40d444d6a
    :git: "git@github.com:CANDY-HOUSE/SesameSDK_iOS_with_DemoApp.git"
  SesameWatchKitSDK:
    :commit: 7f76de27e069090cdfc8c551c9c9c7c40d444d6a
    :git: "git@github.com:CANDY-HOUSE/SesameSDK_iOS_with_DemoApp.git"

SPEC CHECKSUMS:
  AWSAPIGateway: 75598982b238b6795241492f0802a17473280c93
  AWSCore: 8bd1def9cb0b6770c65b6d394f1c1cbc0a5562b7
  AWSIoT: 708e1284bf67df14f263f8f76c6a7fb0e0e14e1f
  iOSDFULibrary: 87c6a088cf7172e3694dfaa8305e7ded5eda2547
  SesameSDK: 702acacc6715211d53501c8765e556365482f6d2
  SesameWatchKitSDK: cc888b50b45df12cb43afcd8b6f25224d3a0766b
  ZIPFoundation: 89df685c971926b0323087952320bdfee9f0b6ef

PODFILE CHECKSUM: 5349ef1778c0c8bca347f78f64876e8a8300a2f5

COCOAPODS: 1.10.1
