// !$*UTF8*$!
{
	archiveVersion = 1;
	classes = {
	};
	objectVersion = 50;
	objects = {

/* Begin PBXBuildFile section */
		41077CE2239F382C0010067C /* CHSesame2Device+Lock.swift in Sources */ = {isa = PBXBuildFile; fileRef = 41077CE1239F382C0010067C /* CHSesame2Device+Lock.swift */; };
		411A10B223A4F13E00CFC4F1 /* CHDeviceCenter.swift in Sources */ = {isa = PBXBuildFile; fileRef = 411A10B123A4F13E00CFC4F1 /* CHDeviceCenter.swift */; };
		4133E7E02A09C8500005DCC0 /* CHBluetoothCenter.swift in Sources */ = {isa = PBXBuildFile; fileRef = 4133E7DF2A09C8500005DCC0 /* CHBluetoothCenter.swift */; };
		4133E7E12A09C8500005DCC0 /* CHBluetoothCenter.swift in Sources */ = {isa = PBXBuildFile; fileRef = 4133E7DF2A09C8500005DCC0 /* CHBluetoothCenter.swift */; };
		4133E7E32A09C9D20005DCC0 /* CHBaseDevice.swift in Sources */ = {isa = PBXBuildFile; fileRef = 4133E7E22A09C9D20005DCC0 /* CHBaseDevice.swift */; };
		4133E7E42A09C9D20005DCC0 /* CHBaseDevice.swift in Sources */ = {isa = PBXBuildFile; fileRef = 4133E7E22A09C9D20005DCC0 /* CHBaseDevice.swift */; };
		4134C99C2A1043990025D33F /* CHSesameTouchPro.swift in Sources */ = {isa = PBXBuildFile; fileRef = 4134C99B2A1043990025D33F /* CHSesameTouchPro.swift */; };
		4134C99D2A1043990025D33F /* CHSesameTouchPro.swift in Sources */ = {isa = PBXBuildFile; fileRef = 4134C99B2A1043990025D33F /* CHSesameTouchPro.swift */; };
		4134C99F2A1045C10025D33F /* CHSesameTouchProDevice.swift in Sources */ = {isa = PBXBuildFile; fileRef = 4134C99E2A1045C10025D33F /* CHSesameTouchProDevice.swift */; };
		4134C9A02A1045C10025D33F /* CHSesameTouchProDevice.swift in Sources */ = {isa = PBXBuildFile; fileRef = 4134C99E2A1045C10025D33F /* CHSesameTouchProDevice.swift */; };
		4134C9A22A1045CF0025D33F /* CHSesameTouchPro+Command.swift in Sources */ = {isa = PBXBuildFile; fileRef = 4134C9A12A1045CF0025D33F /* CHSesameTouchPro+Command.swift */; };
		4134C9A32A1045CF0025D33F /* CHSesameTouchPro+Command.swift in Sources */ = {isa = PBXBuildFile; fileRef = 4134C9A12A1045CF0025D33F /* CHSesameTouchPro+Command.swift */; };
		4134C9A52A1045DD0025D33F /* CHSesameTouchPro+Register.swift in Sources */ = {isa = PBXBuildFile; fileRef = 4134C9A42A1045DD0025D33F /* CHSesameTouchPro+Register.swift */; };
		41499E912A11C32500944CDC /* CHSesameOS3.swift in Sources */ = {isa = PBXBuildFile; fileRef = 41499E902A11C32500944CDC /* CHSesameOS3.swift */; };
		41499E922A11C32500944CDC /* CHSesameOS3.swift in Sources */ = {isa = PBXBuildFile; fileRef = 41499E902A11C32500944CDC /* CHSesameOS3.swift */; };
		41499E932A11DE7500944CDC /* CHSesame5Device+Register.swift in Sources */ = {isa = PBXBuildFile; fileRef = 4151164429B94F7B00B1DE1F /* CHSesame5Device+Register.swift */; };
		41499E942A11DE8400944CDC /* CHSesameTouchPro+Register.swift in Sources */ = {isa = PBXBuildFile; fileRef = 4134C9A42A1045DD0025D33F /* CHSesameTouchPro+Register.swift */; };
		41499E952A11DE8D00944CDC /* CHWifiModule2Device+Register.swift in Sources */ = {isa = PBXBuildFile; fileRef = B0F84D6024ED25F70042411D /* CHWifiModule2Device+Register.swift */; };
		41499E962A11DE9400944CDC /* CHBikeLockDevice+Register.swift in Sources */ = {isa = PBXBuildFile; fileRef = B0A442F325385B2F00DCB1DB /* CHBikeLockDevice+Register.swift */; };
		41499E972A11DE9800944CDC /* CHSesameBotDevice+Register.swift in Sources */ = {isa = PBXBuildFile; fileRef = B0AF54AB253464FD00F24FA8 /* CHSesameBotDevice+Register.swift */; };
		41499E982A11DEA700944CDC /* CHSesame2Device+Register.swift in Sources */ = {isa = PBXBuildFile; fileRef = B1429436231F8EB8006AA64C /* CHSesame2Device+Register.swift */; };
		4151164529B94F7B00B1DE1F /* CHSesame5Device+Register.swift in Sources */ = {isa = PBXBuildFile; fileRef = 4151164429B94F7B00B1DE1F /* CHSesame5Device+Register.swift */; };
		4151164729B951EF00B1DE1F /* CHSesame5Device+Command.swift in Sources */ = {isa = PBXBuildFile; fileRef = 4151164629B951EF00B1DE1F /* CHSesame5Device+Command.swift */; };
		4151164A29BA212200B1DE1F /* CHSesame5Device.swift in Sources */ = {isa = PBXBuildFile; fileRef = 41ACFD0C29B8E3E3001153DB /* CHSesame5Device.swift */; };
		4151164B29BA213500B1DE1F /* CHSesame5.swift in Sources */ = {isa = PBXBuildFile; fileRef = 41ACFD0A29B8E39E001153DB /* CHSesame5.swift */; };
		4151164D29BA214A00B1DE1F /* CHSesame5Device+History.swift in Sources */ = {isa = PBXBuildFile; fileRef = 41ACFD1229B8EAC3001153DB /* CHSesame5Device+History.swift */; };
		4151165529BA22DD00B1DE1F /* CHSesame5Device+Command.swift in Sources */ = {isa = PBXBuildFile; fileRef = 4151164629B951EF00B1DE1F /* CHSesame5Device+Command.swift */; };
		4151166629BB68B100B1DE1F /* SesameOS3SegmentType.swift in Sources */ = {isa = PBXBuildFile; fileRef = 4151166529BB68B100B1DE1F /* SesameOS3SegmentType.swift */; };
		4151166729BB68E100B1DE1F /* SesameOS3SegmentType.swift in Sources */ = {isa = PBXBuildFile; fileRef = 4151166529BB68B100B1DE1F /* SesameOS3SegmentType.swift */; };
		419E891424F0CD41004C6EF2 /* SwCrypt.swift in Sources */ = {isa = PBXBuildFile; fileRef = 419E891324F0CD41004C6EF2 /* SwCrypt.swift */; };
		419E891524F0CD41004C6EF2 /* SwCrypt.swift in Sources */ = {isa = PBXBuildFile; fileRef = 419E891324F0CD41004C6EF2 /* SwCrypt.swift */; };
		419E891724F0E315004C6EF2 /* Sesame2Protocols.swift in Sources */ = {isa = PBXBuildFile; fileRef = 419E891624F0E315004C6EF2 /* Sesame2Protocols.swift */; };
		419E891824F0E315004C6EF2 /* Sesame2Protocols.swift in Sources */ = {isa = PBXBuildFile; fileRef = 419E891624F0E315004C6EF2 /* Sesame2Protocols.swift */; };
		419E892324F0EEA0004C6EF2 /* CHResultPattern.swift in Sources */ = {isa = PBXBuildFile; fileRef = 419E892224F0EEA0004C6EF2 /* CHResultPattern.swift */; };
		419E892424F0EEA0004C6EF2 /* CHResultPattern.swift in Sources */ = {isa = PBXBuildFile; fileRef = 419E892224F0EEA0004C6EF2 /* CHResultPattern.swift */; };
		41ACFD0B29B8E39E001153DB /* CHSesame5.swift in Sources */ = {isa = PBXBuildFile; fileRef = 41ACFD0A29B8E39E001153DB /* CHSesame5.swift */; };
		41ACFD0D29B8E3E3001153DB /* CHSesame5Device.swift in Sources */ = {isa = PBXBuildFile; fileRef = 41ACFD0C29B8E3E3001153DB /* CHSesame5Device.swift */; };
		41ACFD1329B8EAC3001153DB /* CHSesame5Device+History.swift in Sources */ = {isa = PBXBuildFile; fileRef = 41ACFD1229B8EAC3001153DB /* CHSesame5Device+History.swift */; };
		41B59AAB24D11572007F3C2A /* CHSesame2.swift in Sources */ = {isa = PBXBuildFile; fileRef = 41B59AAA24D11572007F3C2A /* CHSesame2.swift */; };
		41B59AAC24D11572007F3C2A /* CHSesame2.swift in Sources */ = {isa = PBXBuildFile; fileRef = 41B59AAA24D11572007F3C2A /* CHSesame2.swift */; };
		41D6D1DE2420505200537B77 /* CHAccountManager+APIRequest.swift in Sources */ = {isa = PBXBuildFile; fileRef = 41D6D1DD2420505200537B77 /* CHAccountManager+APIRequest.swift */; };
		41DFF98D2A0CB1CB00C63E12 /* CHDeviceProtocol.swift in Sources */ = {isa = PBXBuildFile; fileRef = 41DFF98C2A0CB1CB00C63E12 /* CHDeviceProtocol.swift */; };
		41DFF98E2A0CB1CB00C63E12 /* CHDeviceProtocol.swift in Sources */ = {isa = PBXBuildFile; fileRef = 41DFF98C2A0CB1CB00C63E12 /* CHDeviceProtocol.swift */; };
		41E39D122375066900BC7B7E /* CHDeviceKey.swift in Sources */ = {isa = PBXBuildFile; fileRef = 41E39D112375066900BC7B7E /* CHDeviceKey.swift */; };
		41F15CAF24CBD03900B91E25 /* CHSesame2Device+DFU.swift in Sources */ = {isa = PBXBuildFile; fileRef = 41F15CAE24CBD03900B91E25 /* CHSesame2Device+DFU.swift */; };
		41F15CB024CBD03900B91E25 /* CHSesame2Device+DFU.swift in Sources */ = {isa = PBXBuildFile; fileRef = 41F15CAE24CBD03900B91E25 /* CHSesame2Device+DFU.swift */; };
		41FB222824BE984100AE6ABB /* CHDeviceManager.swift in Sources */ = {isa = PBXBuildFile; fileRef = 41FB222724BE984100AE6ABB /* CHDeviceManager.swift */; };
		B0217960252ACF0D00FA2C4E /* CHWifiModule2Device.swift in Sources */ = {isa = PBXBuildFile; fileRef = B087E56E24E11DC30087D978 /* CHWifiModule2Device.swift */; };
		B021796B252ACF5900FA2C4E /* CHWifiModule2.swift in Sources */ = {isa = PBXBuildFile; fileRef = B087E56A24E119BF0087D978 /* CHWifiModule2.swift */; };
		B021796C252ACF5A00FA2C4E /* CHWifiModule2.swift in Sources */ = {isa = PBXBuildFile; fileRef = B087E56A24E119BF0087D978 /* CHWifiModule2.swift */; };
		B021796F252ACF8300FA2C4E /* CHWifiModule2Device+Peripheral.swift in Sources */ = {isa = PBXBuildFile; fileRef = B0377B5424EB9C84000279E3 /* CHWifiModule2Device+Peripheral.swift */; };
		B0217972252ACF8300FA2C4E /* CHWifiModule2Device+Peripheral.swift in Sources */ = {isa = PBXBuildFile; fileRef = B0377B5424EB9C84000279E3 /* CHWifiModule2Device+Peripheral.swift */; };
		B0217976252ACF9000FA2C4E /* WifiModule2Payload.swift in Sources */ = {isa = PBXBuildFile; fileRef = B0377B5A24EBA4C3000279E3 /* WifiModule2Payload.swift */; };
		B0217977252ACF9000FA2C4E /* CHWifiModule2Device+Register.swift in Sources */ = {isa = PBXBuildFile; fileRef = B0F84D6024ED25F70042411D /* CHWifiModule2Device+Register.swift */; };
		B021797A252ACF9000FA2C4E /* CHWifiModule2Device+Gatt.swift in Sources */ = {isa = PBXBuildFile; fileRef = B0377B7824EBAD6A000279E3 /* CHWifiModule2Device+Gatt.swift */; };
		B021797B252ACF9000FA2C4E /* SesameOS3BleCipher.swift in Sources */ = {isa = PBXBuildFile; fileRef = B0377B7A24EBAEFB000279E3 /* SesameOS3BleCipher.swift */; };
		B0217983252ACF9000FA2C4E /* WifiModule2Payload.swift in Sources */ = {isa = PBXBuildFile; fileRef = B0377B5A24EBA4C3000279E3 /* WifiModule2Payload.swift */; };
		B0217987252ACF9000FA2C4E /* CHWifiModule2Device+Gatt.swift in Sources */ = {isa = PBXBuildFile; fileRef = B0377B7824EBAD6A000279E3 /* CHWifiModule2Device+Gatt.swift */; };
		B0217988252ACF9000FA2C4E /* SesameOS3BleCipher.swift in Sources */ = {isa = PBXBuildFile; fileRef = B0377B7A24EBAEFB000279E3 /* SesameOS3BleCipher.swift */; };
		B02179A2252B0AB000FA2C4E /* WifiModule2Protocols.swift in Sources */ = {isa = PBXBuildFile; fileRef = B02179A1252B0AB000FA2C4E /* WifiModule2Protocols.swift */; };
		B02179A3252B0AB000FA2C4E /* WifiModule2Protocols.swift in Sources */ = {isa = PBXBuildFile; fileRef = B02179A1252B0AB000FA2C4E /* WifiModule2Protocols.swift */; };
		B02179A8252B211400FA2C4E /* CHWifiModule2Device.swift in Sources */ = {isa = PBXBuildFile; fileRef = B087E56E24E11DC30087D978 /* CHWifiModule2Device.swift */; };
		B065EC682537F8B9000B807D /* CHSesameBotDevice+DFU.swift in Sources */ = {isa = PBXBuildFile; fileRef = B065EC672537F8B9000B807D /* CHSesameBotDevice+DFU.swift */; };
		B065EC692537F8B9000B807D /* CHSesameBotDevice+DFU.swift in Sources */ = {isa = PBXBuildFile; fileRef = B065EC672537F8B9000B807D /* CHSesameBotDevice+DFU.swift */; };
		B0710A32253573FA007B4F48 /* CHSesameBotDevice+History.swift in Sources */ = {isa = PBXBuildFile; fileRef = B0AF549C25345E1100F24FA8 /* CHSesameBotDevice+History.swift */; };
		B082B19A24EF993B0016D4F6 /* URLSession+.swift in Sources */ = {isa = PBXBuildFile; fileRef = B082B19924EF993B0016D4F6 /* URLSession+.swift */; };
		B082B19B24EF993B0016D4F6 /* URLSession+.swift in Sources */ = {isa = PBXBuildFile; fileRef = B082B19924EF993B0016D4F6 /* URLSession+.swift */; };
		B0911B21251AE01F00D4CA65 /* CHExtensionListener.swift in Sources */ = {isa = PBXBuildFile; fileRef = B0911B20251AE01F00D4CA65 /* CHExtensionListener.swift */; };
		B0911B22251AE01F00D4CA65 /* CHExtensionListener.swift in Sources */ = {isa = PBXBuildFile; fileRef = B0911B20251AE01F00D4CA65 /* CHExtensionListener.swift */; };
		B0A4429825381EF800DCB1DB /* CHBikeLockDevice.swift in Sources */ = {isa = PBXBuildFile; fileRef = B0A4429725381EF800DCB1DB /* CHBikeLockDevice.swift */; };
		B0A4429925381EF800DCB1DB /* CHBikeLockDevice.swift in Sources */ = {isa = PBXBuildFile; fileRef = B0A4429725381EF800DCB1DB /* CHBikeLockDevice.swift */; };
		B0A442BF25384D6C00DCB1DB /* BikeLockPayload.swift in Sources */ = {isa = PBXBuildFile; fileRef = B0A442BE25384D6C00DCB1DB /* BikeLockPayload.swift */; };
		B0A442C025384D6C00DCB1DB /* BikeLockPayload.swift in Sources */ = {isa = PBXBuildFile; fileRef = B0A442BE25384D6C00DCB1DB /* BikeLockPayload.swift */; };
		B0A442D92538563400DCB1DB /* CHBikeLockDevice+Peripheral.swift in Sources */ = {isa = PBXBuildFile; fileRef = B0A442D82538563400DCB1DB /* CHBikeLockDevice+Peripheral.swift */; };
		B0A442DA2538563400DCB1DB /* CHBikeLockDevice+Peripheral.swift in Sources */ = {isa = PBXBuildFile; fileRef = B0A442D82538563400DCB1DB /* CHBikeLockDevice+Peripheral.swift */; };
		B0A442DE2538566100DCB1DB /* CHBikeLockDevice+Gatt.swift in Sources */ = {isa = PBXBuildFile; fileRef = B0A442DD2538566100DCB1DB /* CHBikeLockDevice+Gatt.swift */; };
		B0A442DF2538566100DCB1DB /* CHBikeLockDevice+Gatt.swift in Sources */ = {isa = PBXBuildFile; fileRef = B0A442DD2538566100DCB1DB /* CHBikeLockDevice+Gatt.swift */; };
		B0A442EA2538584A00DCB1DB /* CHBikeLockDevice+Login.swift in Sources */ = {isa = PBXBuildFile; fileRef = B0A442E92538584A00DCB1DB /* CHBikeLockDevice+Login.swift */; };
		B0A442EB2538584A00DCB1DB /* CHBikeLockDevice+Login.swift in Sources */ = {isa = PBXBuildFile; fileRef = B0A442E92538584A00DCB1DB /* CHBikeLockDevice+Login.swift */; };
		B0A442F425385B2F00DCB1DB /* CHBikeLockDevice+Register.swift in Sources */ = {isa = PBXBuildFile; fileRef = B0A442F325385B2F00DCB1DB /* CHBikeLockDevice+Register.swift */; };
		B0A4430325385D8F00DCB1DB /* CHBikeLockDevice+DFU.swift in Sources */ = {isa = PBXBuildFile; fileRef = B0A4430225385D8F00DCB1DB /* CHBikeLockDevice+DFU.swift */; };
		B0A4430425385D8F00DCB1DB /* CHBikeLockDevice+DFU.swift in Sources */ = {isa = PBXBuildFile; fileRef = B0A4430225385D8F00DCB1DB /* CHBikeLockDevice+DFU.swift */; };
		B0A4430825385E4D00DCB1DB /* CHBikeLockDevice+Lock.swift in Sources */ = {isa = PBXBuildFile; fileRef = B0A4430725385E4D00DCB1DB /* CHBikeLockDevice+Lock.swift */; };
		B0A4430925385E4D00DCB1DB /* CHBikeLockDevice+Lock.swift in Sources */ = {isa = PBXBuildFile; fileRef = B0A4430725385E4D00DCB1DB /* CHBikeLockDevice+Lock.swift */; };
		B0AF549D25345E1100F24FA8 /* CHSesameBotDevice+History.swift in Sources */ = {isa = PBXBuildFile; fileRef = B0AF549C25345E1100F24FA8 /* CHSesameBotDevice+History.swift */; };
		B0AF54AC253464FD00F24FA8 /* CHSesameBotDevice+Register.swift in Sources */ = {isa = PBXBuildFile; fileRef = B0AF54AB253464FD00F24FA8 /* CHSesameBotDevice+Register.swift */; };
		B0AF54B1253467F800F24FA8 /* CHSesameBotDevice+Login.swift in Sources */ = {isa = PBXBuildFile; fileRef = B0AF54B0253467F800F24FA8 /* CHSesameBotDevice+Login.swift */; };
		B0AF54B2253467F800F24FA8 /* CHSesameBotDevice+Login.swift in Sources */ = {isa = PBXBuildFile; fileRef = B0AF54B0253467F800F24FA8 /* CHSesameBotDevice+Login.swift */; };
		B0AF54B625346C5D00F24FA8 /* CHSesameBotDevice+Lock.swift in Sources */ = {isa = PBXBuildFile; fileRef = B0AF54B525346C5D00F24FA8 /* CHSesameBotDevice+Lock.swift */; };
		B0AF54B725346C5D00F24FA8 /* CHSesameBotDevice+Lock.swift in Sources */ = {isa = PBXBuildFile; fileRef = B0AF54B525346C5D00F24FA8 /* CHSesameBotDevice+Lock.swift */; };
		B0B534C9253435BB001384C7 /* CHSesameBot.swift in Sources */ = {isa = PBXBuildFile; fileRef = B0B534C8253435BB001384C7 /* CHSesameBot.swift */; };
		B0B534CA253435BB001384C7 /* CHSesameBot.swift in Sources */ = {isa = PBXBuildFile; fileRef = B0B534C8253435BB001384C7 /* CHSesameBot.swift */; };
		B0B534CE253435C8001384C7 /* CHBikeLock.swift in Sources */ = {isa = PBXBuildFile; fileRef = B0B534CD253435C8001384C7 /* CHBikeLock.swift */; };
		B0B534CF253435C8001384C7 /* CHBikeLock.swift in Sources */ = {isa = PBXBuildFile; fileRef = B0B534CD253435C8001384C7 /* CHBikeLock.swift */; };
		B0B534D3253436B8001384C7 /* CHSesameBotDevice.swift in Sources */ = {isa = PBXBuildFile; fileRef = B0B534D2253436B8001384C7 /* CHSesameBotDevice.swift */; };
		B0B534D4253436B8001384C7 /* CHSesameBotDevice.swift in Sources */ = {isa = PBXBuildFile; fileRef = B0B534D2253436B8001384C7 /* CHSesameBotDevice.swift */; };
		B0B534D825343918001384C7 /* SesameBotPayload.swift in Sources */ = {isa = PBXBuildFile; fileRef = B0B534D725343918001384C7 /* SesameBotPayload.swift */; };
		B0B534D925343918001384C7 /* SesameBotPayload.swift in Sources */ = {isa = PBXBuildFile; fileRef = B0B534D725343918001384C7 /* SesameBotPayload.swift */; };
		B0B534DD253439F0001384C7 /* SesameBotProtocols.swift in Sources */ = {isa = PBXBuildFile; fileRef = B0B534DC253439F0001384C7 /* SesameBotProtocols.swift */; };
		B0B534DE253439F0001384C7 /* SesameBotProtocols.swift in Sources */ = {isa = PBXBuildFile; fileRef = B0B534DC253439F0001384C7 /* SesameBotProtocols.swift */; };
		B0B5352625345915001384C7 /* CHSesameBotDevice+Peripheral.swift in Sources */ = {isa = PBXBuildFile; fileRef = B0B5352525345915001384C7 /* CHSesameBotDevice+Peripheral.swift */; };
		B0B5352725345915001384C7 /* CHSesameBotDevice+Peripheral.swift in Sources */ = {isa = PBXBuildFile; fileRef = B0B5352525345915001384C7 /* CHSesameBotDevice+Peripheral.swift */; };
		B0B5352D253459ED001384C7 /* CHSesameBotDevice+Gatt.swift in Sources */ = {isa = PBXBuildFile; fileRef = B0B5352C253459ED001384C7 /* CHSesameBotDevice+Gatt.swift */; };
		B0B5352E253459ED001384C7 /* CHSesameBotDevice+Gatt.swift in Sources */ = {isa = PBXBuildFile; fileRef = B0B5352C253459ED001384C7 /* CHSesameBotDevice+Gatt.swift */; };
		B0DA2DEE251DC5200041E8A3 /* CHDeviceModel.xcdatamodeld in Sources */ = {isa = PBXBuildFile; fileRef = B0DA2DEC251DC5200041E8A3 /* CHDeviceModel.xcdatamodeld */; };
		B0DA2DEF251DC5200041E8A3 /* CHDeviceModel.xcdatamodeld in Sources */ = {isa = PBXBuildFile; fileRef = B0DA2DEC251DC5200041E8A3 /* CHDeviceModel.xcdatamodeld */; };
		B0FDDA08248CEA3C00DD72B7 /* CHDeviceCenter.swift in Sources */ = {isa = PBXBuildFile; fileRef = 411A10B123A4F13E00CFC4F1 /* CHDeviceCenter.swift */; };
		B0FDDA11248CEF7100DD72B7 /* Sesame2Payload.swift in Sources */ = {isa = PBXBuildFile; fileRef = B1429403231F8E42006AA64C /* Sesame2Payload.swift */; };
		B0FDDA1F248CF05C00DD72B7 /* aes_i.h in Headers */ = {isa = PBXBuildFile; fileRef = B1C4F301231F91230021C772 /* aes_i.h */; };
		B0FDDA20248CF05C00DD72B7 /* aes_ccm.h in Headers */ = {isa = PBXBuildFile; fileRef = B1C4F302231F91230021C772 /* aes_ccm.h */; };
		B0FDDA21248CF05C00DD72B7 /* aes.c in Sources */ = {isa = PBXBuildFile; fileRef = B1C4F305231F91230021C772 /* aes.c */; };
		B0FDDA22248CF05C00DD72B7 /* aes-ccm.c in Sources */ = {isa = PBXBuildFile; fileRef = B1C4F303231F91230021C772 /* aes-ccm.c */; };
		B0FDDA23248CF05C00DD72B7 /* aes-enc.c in Sources */ = {isa = PBXBuildFile; fileRef = B1C4F304231F91230021C772 /* aes-enc.c */; };
		B0FDDA25248CF05C00DD72B7 /* AES.swift in Sources */ = {isa = PBXBuildFile; fileRef = B18BA292231F956800794A4F /* AES.swift */; };
		B0FDDA26248CF05C00DD72B7 /* ECC.swift in Sources */ = {isa = PBXBuildFile; fileRef = B18BA28E231F956800794A4F /* ECC.swift */; };
		B0FDDA27248CF05C00DD72B7 /* Logging.swift in Sources */ = {isa = PBXBuildFile; fileRef = B18BA290231F956800794A4F /* Logging.swift */; };
		B0FDDA28248CF05C00DD72B7 /* Data+.swift in Sources */ = {isa = PBXBuildFile; fileRef = B18BA28D231F956800794A4F /* Data+.swift */; };
		B0FDDA2C248CF6B000DD72B7 /* CHSesame2Device.swift in Sources */ = {isa = PBXBuildFile; fileRef = B1429431231F8EB7006AA64C /* CHSesame2Device.swift */; };
		B0FDDA2D248CF6B000DD72B7 /* CHSesame2Device+Lock.swift in Sources */ = {isa = PBXBuildFile; fileRef = 41077CE1239F382C0010067C /* CHSesame2Device+Lock.swift */; };
		B0FDDA31248CF6B000DD72B7 /* CHSesame2Device+Gatt.swift in Sources */ = {isa = PBXBuildFile; fileRef = B1429435231F8EB8006AA64C /* CHSesame2Device+Gatt.swift */; };
		B0FDDA33248CF6B000DD72B7 /* Sesame2BleDevice+Peripheral.swift in Sources */ = {isa = PBXBuildFile; fileRef = B1429434231F8EB8006AA64C /* Sesame2BleDevice+Peripheral.swift */; };
		B0FDDA36248CF6B000DD72B7 /* Sesame2BleCipher.swift in Sources */ = {isa = PBXBuildFile; fileRef = B1429433231F8EB7006AA64C /* Sesame2BleCipher.swift */; };
		B0FDDA40248CFDCC00DD72B7 /* CHDeviceKey.swift in Sources */ = {isa = PBXBuildFile; fileRef = 41E39D112375066900BC7B7E /* CHDeviceKey.swift */; };
		B0FDDA46248CFFAC00DD72B7 /* CHAccountManager.swift in Sources */ = {isa = PBXBuildFile; fileRef = B1429421231F8E8C006AA64C /* CHAccountManager.swift */; };
		B14293A9231F8D29006AA64C /* SesameSDK.h in Headers */ = {isa = PBXBuildFile; fileRef = B142939B231F8D29006AA64C /* SesameSDK.h */; settings = {ATTRIBUTES = (Public, ); }; };
		B1429408231F8E42006AA64C /* Sesame2Payload.swift in Sources */ = {isa = PBXBuildFile; fileRef = B1429403231F8E42006AA64C /* Sesame2Payload.swift */; };
		B1429426231F8E8C006AA64C /* CHAccountManager.swift in Sources */ = {isa = PBXBuildFile; fileRef = B1429421231F8E8C006AA64C /* CHAccountManager.swift */; };
		B1429438231F8EB8006AA64C /* CHSesame2Device.swift in Sources */ = {isa = PBXBuildFile; fileRef = B1429431231F8EB7006AA64C /* CHSesame2Device.swift */; };
		B142943A231F8EB8006AA64C /* Sesame2BleCipher.swift in Sources */ = {isa = PBXBuildFile; fileRef = B1429433231F8EB7006AA64C /* Sesame2BleCipher.swift */; };
		B142943B231F8EB8006AA64C /* Sesame2BleDevice+Peripheral.swift in Sources */ = {isa = PBXBuildFile; fileRef = B1429434231F8EB8006AA64C /* Sesame2BleDevice+Peripheral.swift */; };
		B142943C231F8EB8006AA64C /* CHSesame2Device+Gatt.swift in Sources */ = {isa = PBXBuildFile; fileRef = B1429435231F8EB8006AA64C /* CHSesame2Device+Gatt.swift */; };
		B142943D231F8EB8006AA64C /* CHSesame2Device+Register.swift in Sources */ = {isa = PBXBuildFile; fileRef = B1429436231F8EB8006AA64C /* CHSesame2Device+Register.swift */; };
		B18BA293231F956800794A4F /* Data+.swift in Sources */ = {isa = PBXBuildFile; fileRef = B18BA28D231F956800794A4F /* Data+.swift */; };
		B18BA294231F956800794A4F /* ECC.swift in Sources */ = {isa = PBXBuildFile; fileRef = B18BA28E231F956800794A4F /* ECC.swift */; };
		B18BA296231F956800794A4F /* Logging.swift in Sources */ = {isa = PBXBuildFile; fileRef = B18BA290231F956800794A4F /* Logging.swift */; };
		B18BA298231F956800794A4F /* AES.swift in Sources */ = {isa = PBXBuildFile; fileRef = B18BA292231F956800794A4F /* AES.swift */; };
		B1BAAE5D232A2A84003D570B /* CHSesame2Device+Login.swift in Sources */ = {isa = PBXBuildFile; fileRef = B1BAAE5C232A2A84003D570B /* CHSesame2Device+Login.swift */; };
		B1C4F306231F91230021C772 /* aes_i.h in Headers */ = {isa = PBXBuildFile; fileRef = B1C4F301231F91230021C772 /* aes_i.h */; };
		B1C4F307231F91230021C772 /* aes_ccm.h in Headers */ = {isa = PBXBuildFile; fileRef = B1C4F302231F91230021C772 /* aes_ccm.h */; };
		B1C4F308231F91230021C772 /* aes-ccm.c in Sources */ = {isa = PBXBuildFile; fileRef = B1C4F303231F91230021C772 /* aes-ccm.c */; };
		B1C4F309231F91230021C772 /* aes-enc.c in Sources */ = {isa = PBXBuildFile; fileRef = B1C4F304231F91230021C772 /* aes-enc.c */; };
		B1C4F30A231F91230021C772 /* aes.c in Sources */ = {isa = PBXBuildFile; fileRef = B1C4F305231F91230021C772 /* aes.c */; };
		BE32B3D62546C8F8001ADB3A /* String+.swift in Sources */ = {isa = PBXBuildFile; fileRef = BE32B3D52546C8F8001ADB3A /* String+.swift */; };
		BE32B3D72546C8F8001ADB3A /* String+.swift in Sources */ = {isa = PBXBuildFile; fileRef = BE32B3D52546C8F8001ADB3A /* String+.swift */; };
		BE5794ED24AF0DD500E96B72 /* NSError+.swift in Sources */ = {isa = PBXBuildFile; fileRef = BE5794EC24AF0DD500E96B72 /* NSError+.swift */; };
		BE5794EE24AF0DD500E96B72 /* NSError+.swift in Sources */ = {isa = PBXBuildFile; fileRef = BE5794EC24AF0DD500E96B72 /* NSError+.swift */; };
		BE5E26FD256259DE00F8B0DD /* CHAPICallObject.swift in Sources */ = {isa = PBXBuildFile; fileRef = BE5E26FC256259DE00F8B0DD /* CHAPICallObject.swift */; };
		BE5E26FE256259DE00F8B0DD /* CHAPICallObject.swift in Sources */ = {isa = PBXBuildFile; fileRef = BE5E26FC256259DE00F8B0DD /* CHAPICallObject.swift */; };
		BE86FAAC24BC438400E91666 /* CHSesame2HistoryEvent.swift in Sources */ = {isa = PBXBuildFile; fileRef = BE86FAAB24BC438400E91666 /* CHSesame2HistoryEvent.swift */; };
		BE86FAAD24BC438400E91666 /* CHSesame2HistoryEvent.swift in Sources */ = {isa = PBXBuildFile; fileRef = BE86FAAB24BC438400E91666 /* CHSesame2HistoryEvent.swift */; };
		BE8D0B5C2494A33F00B99987 /* CHConfiguration.swift in Sources */ = {isa = PBXBuildFile; fileRef = BE8D0B5B2494A33F00B99987 /* CHConfiguration.swift */; };
		BE8D0B5D2494A34000B99987 /* CHConfiguration.swift in Sources */ = {isa = PBXBuildFile; fileRef = BE8D0B5B2494A33F00B99987 /* CHConfiguration.swift */; };
		BE97C80624AE2A09002E7E8B /* CHSesame2Device+History.swift in Sources */ = {isa = PBXBuildFile; fileRef = EDDF7698234B22C8008DD6C9 /* CHSesame2Device+History.swift */; };
		BE97C80724AE2A0F002E7E8B /* CHSesame2Device+Login.swift in Sources */ = {isa = PBXBuildFile; fileRef = B1BAAE5C232A2A84003D570B /* CHSesame2Device+Login.swift */; };
		BE99606F256223CD00E28231 /* CHDevice.swift in Sources */ = {isa = PBXBuildFile; fileRef = BE99606E256223CD00E28231 /* CHDevice.swift */; };
		BE996070256223CD00E28231 /* CHDevice.swift in Sources */ = {isa = PBXBuildFile; fileRef = BE99606E256223CD00E28231 /* CHDevice.swift */; };
		BE9D5980259C256B002594A4 /* CHSesameBotDevice+Setting.swift in Sources */ = {isa = PBXBuildFile; fileRef = BE9D597F259C256B002594A4 /* CHSesameBotDevice+Setting.swift */; };
		BE9D5981259C256B002594A4 /* CHSesameBotDevice+Setting.swift in Sources */ = {isa = PBXBuildFile; fileRef = BE9D597F259C256B002594A4 /* CHSesameBotDevice+Setting.swift */; };
		BEE15B4925D117E500C0FE8A /* CHGuestKey.swift in Sources */ = {isa = PBXBuildFile; fileRef = BEE15B4825D117E500C0FE8A /* CHGuestKey.swift */; };
		BEE15B4A25D117E500C0FE8A /* CHGuestKey.swift in Sources */ = {isa = PBXBuildFile; fileRef = BEE15B4825D117E500C0FE8A /* CHGuestKey.swift */; };
		BEE459C7248500D600A886D5 /* SesameWatchKitSDK.h in Headers */ = {isa = PBXBuildFile; fileRef = BEE459C5248500D600A886D5 /* SesameWatchKitSDK.h */; settings = {ATTRIBUTES = (Public, ); }; };
		BEE4BF68259D65F200F896C8 /* CHBikeLockDevice+Setting.swift in Sources */ = {isa = PBXBuildFile; fileRef = BEE4BF67259D65F200F896C8 /* CHBikeLockDevice+Setting.swift */; };
		BEE4BF69259D65F200F896C8 /* CHBikeLockDevice+Setting.swift in Sources */ = {isa = PBXBuildFile; fileRef = BEE4BF67259D65F200F896C8 /* CHBikeLockDevice+Setting.swift */; };
		E84337D72AB99F5B00F1FD62 /* CHServerAuth.swift in Sources */ = {isa = PBXBuildFile; fileRef = E84337D62AB99F5B00F1FD62 /* CHServerAuth.swift */; };
		E84337D82AB99F5B00F1FD62 /* CHServerAuth.swift in Sources */ = {isa = PBXBuildFile; fileRef = E84337D62AB99F5B00F1FD62 /* CHServerAuth.swift */; };
		E85CADE52AAAC23C00741E33 /* CHAccountManager+APIRequest.swift in Sources */ = {isa = PBXBuildFile; fileRef = 41D6D1DD2420505200537B77 /* CHAccountManager+APIRequest.swift */; };
		E85CADE62AAAC26900741E33 /* CHDeviceManager.swift in Sources */ = {isa = PBXBuildFile; fileRef = 41FB222724BE984100AE6ABB /* CHDeviceManager.swift */; };
		E86587E32A25F5940091D77F /* CHSesameBike2.swift in Sources */ = {isa = PBXBuildFile; fileRef = E86587E22A25F5940091D77F /* CHSesameBike2.swift */; };
		E86587E42A25F5940091D77F /* CHSesameBike2.swift in Sources */ = {isa = PBXBuildFile; fileRef = E86587E22A25F5940091D77F /* CHSesameBike2.swift */; };
		E86587EB2A25FC2B0091D77F /* CHSesameBike2Device.swift in Sources */ = {isa = PBXBuildFile; fileRef = E86587EA2A25FC2B0091D77F /* CHSesameBike2Device.swift */; };
		E86587EC2A25FC2B0091D77F /* CHSesameBike2Device.swift in Sources */ = {isa = PBXBuildFile; fileRef = E86587EA2A25FC2B0091D77F /* CHSesameBike2Device.swift */; };
		EDDF7699234B22C8008DD6C9 /* CHSesame2Device+History.swift in Sources */ = {isa = PBXBuildFile; fileRef = EDDF7698234B22C8008DD6C9 /* CHSesame2Device+History.swift */; };
/* End PBXBuildFile section */

/* Begin PBXFileReference section */
		41077CE1239F382C0010067C /* CHSesame2Device+Lock.swift */ = {isa = PBXFileReference; lastKnownFileType = sourcecode.swift; path = "CHSesame2Device+Lock.swift"; sourceTree = "<group>"; };
		411A10B123A4F13E00CFC4F1 /* CHDeviceCenter.swift */ = {isa = PBXFileReference; lastKnownFileType = sourcecode.swift; path = CHDeviceCenter.swift; sourceTree = "<group>"; };
		4133E7DF2A09C8500005DCC0 /* CHBluetoothCenter.swift */ = {isa = PBXFileReference; lastKnownFileType = sourcecode.swift; path = CHBluetoothCenter.swift; sourceTree = "<group>"; };
		4133E7E22A09C9D20005DCC0 /* CHBaseDevice.swift */ = {isa = PBXFileReference; lastKnownFileType = sourcecode.swift; path = CHBaseDevice.swift; sourceTree = "<group>"; };
		4134C99B2A1043990025D33F /* CHSesameTouchPro.swift */ = {isa = PBXFileReference; lastKnownFileType = sourcecode.swift; path = CHSesameTouchPro.swift; sourceTree = "<group>"; };
		4134C99E2A1045C10025D33F /* CHSesameTouchProDevice.swift */ = {isa = PBXFileReference; lastKnownFileType = sourcecode.swift; path = CHSesameTouchProDevice.swift; sourceTree = "<group>"; };
		4134C9A12A1045CF0025D33F /* CHSesameTouchPro+Command.swift */ = {isa = PBXFileReference; lastKnownFileType = sourcecode.swift; path = "CHSesameTouchPro+Command.swift"; sourceTree = "<group>"; };
		4134C9A42A1045DD0025D33F /* CHSesameTouchPro+Register.swift */ = {isa = PBXFileReference; lastKnownFileType = sourcecode.swift; path = "CHSesameTouchPro+Register.swift"; sourceTree = "<group>"; };
		41499E902A11C32500944CDC /* CHSesameOS3.swift */ = {isa = PBXFileReference; lastKnownFileType = sourcecode.swift; path = CHSesameOS3.swift; sourceTree = "<group>"; };
		4151164429B94F7B00B1DE1F /* CHSesame5Device+Register.swift */ = {isa = PBXFileReference; lastKnownFileType = sourcecode.swift; path = "CHSesame5Device+Register.swift"; sourceTree = "<group>"; };
		4151164629B951EF00B1DE1F /* CHSesame5Device+Command.swift */ = {isa = PBXFileReference; lastKnownFileType = sourcecode.swift; path = "CHSesame5Device+Command.swift"; sourceTree = "<group>"; };
		4151166529BB68B100B1DE1F /* SesameOS3SegmentType.swift */ = {isa = PBXFileReference; lastKnownFileType = sourcecode.swift; path = SesameOS3SegmentType.swift; sourceTree = "<group>"; };
		419E891324F0CD41004C6EF2 /* SwCrypt.swift */ = {isa = PBXFileReference; lastKnownFileType = sourcecode.swift; path = SwCrypt.swift; sourceTree = "<group>"; };
		419E891624F0E315004C6EF2 /* Sesame2Protocols.swift */ = {isa = PBXFileReference; lastKnownFileType = sourcecode.swift; path = Sesame2Protocols.swift; sourceTree = "<group>"; };
		419E892224F0EEA0004C6EF2 /* CHResultPattern.swift */ = {isa = PBXFileReference; lastKnownFileType = sourcecode.swift; path = CHResultPattern.swift; sourceTree = "<group>"; };
		41ACFD0A29B8E39E001153DB /* CHSesame5.swift */ = {isa = PBXFileReference; lastKnownFileType = sourcecode.swift; path = CHSesame5.swift; sourceTree = "<group>"; };
		41ACFD0C29B8E3E3001153DB /* CHSesame5Device.swift */ = {isa = PBXFileReference; lastKnownFileType = sourcecode.swift; path = CHSesame5Device.swift; sourceTree = "<group>"; };
		41ACFD1229B8EAC3001153DB /* CHSesame5Device+History.swift */ = {isa = PBXFileReference; lastKnownFileType = sourcecode.swift; path = "CHSesame5Device+History.swift"; sourceTree = "<group>"; };
		41B59AAA24D11572007F3C2A /* CHSesame2.swift */ = {isa = PBXFileReference; lastKnownFileType = sourcecode.swift; path = CHSesame2.swift; sourceTree = "<group>"; };
		41D6D1DD2420505200537B77 /* CHAccountManager+APIRequest.swift */ = {isa = PBXFileReference; lastKnownFileType = sourcecode.swift; path = "CHAccountManager+APIRequest.swift"; sourceTree = "<group>"; };
		41DFF98C2A0CB1CB00C63E12 /* CHDeviceProtocol.swift */ = {isa = PBXFileReference; lastKnownFileType = sourcecode.swift; path = CHDeviceProtocol.swift; sourceTree = "<group>"; };
		41E39D112375066900BC7B7E /* CHDeviceKey.swift */ = {isa = PBXFileReference; lastKnownFileType = sourcecode.swift; path = CHDeviceKey.swift; sourceTree = "<group>"; };
		41F15CAE24CBD03900B91E25 /* CHSesame2Device+DFU.swift */ = {isa = PBXFileReference; lastKnownFileType = sourcecode.swift; path = "CHSesame2Device+DFU.swift"; sourceTree = "<group>"; };
		41FB222724BE984100AE6ABB /* CHDeviceManager.swift */ = {isa = PBXFileReference; lastKnownFileType = sourcecode.swift; path = CHDeviceManager.swift; sourceTree = "<group>"; };
		B02179A1252B0AB000FA2C4E /* WifiModule2Protocols.swift */ = {isa = PBXFileReference; lastKnownFileType = sourcecode.swift; path = WifiModule2Protocols.swift; sourceTree = "<group>"; };
		B0377B5424EB9C84000279E3 /* CHWifiModule2Device+Peripheral.swift */ = {isa = PBXFileReference; lastKnownFileType = sourcecode.swift; path = "CHWifiModule2Device+Peripheral.swift"; sourceTree = "<group>"; };
		B0377B5A24EBA4C3000279E3 /* WifiModule2Payload.swift */ = {isa = PBXFileReference; lastKnownFileType = sourcecode.swift; path = WifiModule2Payload.swift; sourceTree = "<group>"; };
		B0377B7824EBAD6A000279E3 /* CHWifiModule2Device+Gatt.swift */ = {isa = PBXFileReference; lastKnownFileType = sourcecode.swift; path = "CHWifiModule2Device+Gatt.swift"; sourceTree = "<group>"; };
		B0377B7A24EBAEFB000279E3 /* SesameOS3BleCipher.swift */ = {isa = PBXFileReference; lastKnownFileType = sourcecode.swift; path = SesameOS3BleCipher.swift; sourceTree = "<group>"; };
		B065EC672537F8B9000B807D /* CHSesameBotDevice+DFU.swift */ = {isa = PBXFileReference; lastKnownFileType = sourcecode.swift; path = "CHSesameBotDevice+DFU.swift"; sourceTree = "<group>"; };
		B082B19924EF993B0016D4F6 /* URLSession+.swift */ = {isa = PBXFileReference; lastKnownFileType = sourcecode.swift; path = "URLSession+.swift"; sourceTree = "<group>"; };
		B087E56A24E119BF0087D978 /* CHWifiModule2.swift */ = {isa = PBXFileReference; lastKnownFileType = sourcecode.swift; path = CHWifiModule2.swift; sourceTree = "<group>"; };
		B087E56E24E11DC30087D978 /* CHWifiModule2Device.swift */ = {isa = PBXFileReference; lastKnownFileType = sourcecode.swift; path = CHWifiModule2Device.swift; sourceTree = "<group>"; };
		B0911B20251AE01F00D4CA65 /* CHExtensionListener.swift */ = {isa = PBXFileReference; lastKnownFileType = sourcecode.swift; path = CHExtensionListener.swift; sourceTree = "<group>"; };
		B0A4429725381EF800DCB1DB /* CHBikeLockDevice.swift */ = {isa = PBXFileReference; lastKnownFileType = sourcecode.swift; path = CHBikeLockDevice.swift; sourceTree = "<group>"; };
		B0A442BE25384D6C00DCB1DB /* BikeLockPayload.swift */ = {isa = PBXFileReference; lastKnownFileType = sourcecode.swift; path = BikeLockPayload.swift; sourceTree = "<group>"; };
		B0A442D82538563400DCB1DB /* CHBikeLockDevice+Peripheral.swift */ = {isa = PBXFileReference; lastKnownFileType = sourcecode.swift; path = "CHBikeLockDevice+Peripheral.swift"; sourceTree = "<group>"; };
		B0A442DD2538566100DCB1DB /* CHBikeLockDevice+Gatt.swift */ = {isa = PBXFileReference; lastKnownFileType = sourcecode.swift; path = "CHBikeLockDevice+Gatt.swift"; sourceTree = "<group>"; };
		B0A442E92538584A00DCB1DB /* CHBikeLockDevice+Login.swift */ = {isa = PBXFileReference; lastKnownFileType = sourcecode.swift; path = "CHBikeLockDevice+Login.swift"; sourceTree = "<group>"; };
		B0A442F325385B2F00DCB1DB /* CHBikeLockDevice+Register.swift */ = {isa = PBXFileReference; lastKnownFileType = sourcecode.swift; path = "CHBikeLockDevice+Register.swift"; sourceTree = "<group>"; };
		B0A4430225385D8F00DCB1DB /* CHBikeLockDevice+DFU.swift */ = {isa = PBXFileReference; lastKnownFileType = sourcecode.swift; path = "CHBikeLockDevice+DFU.swift"; sourceTree = "<group>"; };
		B0A4430725385E4D00DCB1DB /* CHBikeLockDevice+Lock.swift */ = {isa = PBXFileReference; lastKnownFileType = sourcecode.swift; path = "CHBikeLockDevice+Lock.swift"; sourceTree = "<group>"; };
		B0AF549C25345E1100F24FA8 /* CHSesameBotDevice+History.swift */ = {isa = PBXFileReference; lastKnownFileType = sourcecode.swift; path = "CHSesameBotDevice+History.swift"; sourceTree = "<group>"; };
		B0AF54AB253464FD00F24FA8 /* CHSesameBotDevice+Register.swift */ = {isa = PBXFileReference; lastKnownFileType = sourcecode.swift; path = "CHSesameBotDevice+Register.swift"; sourceTree = "<group>"; };
		B0AF54B0253467F800F24FA8 /* CHSesameBotDevice+Login.swift */ = {isa = PBXFileReference; lastKnownFileType = sourcecode.swift; path = "CHSesameBotDevice+Login.swift"; sourceTree = "<group>"; };
		B0AF54B525346C5D00F24FA8 /* CHSesameBotDevice+Lock.swift */ = {isa = PBXFileReference; lastKnownFileType = sourcecode.swift; path = "CHSesameBotDevice+Lock.swift"; sourceTree = "<group>"; };
		B0B534C8253435BB001384C7 /* CHSesameBot.swift */ = {isa = PBXFileReference; lastKnownFileType = sourcecode.swift; path = CHSesameBot.swift; sourceTree = "<group>"; };
		B0B534CD253435C8001384C7 /* CHBikeLock.swift */ = {isa = PBXFileReference; lastKnownFileType = sourcecode.swift; path = CHBikeLock.swift; sourceTree = "<group>"; };
		B0B534D2253436B8001384C7 /* CHSesameBotDevice.swift */ = {isa = PBXFileReference; lastKnownFileType = sourcecode.swift; path = CHSesameBotDevice.swift; sourceTree = "<group>"; };
		B0B534D725343918001384C7 /* SesameBotPayload.swift */ = {isa = PBXFileReference; lastKnownFileType = sourcecode.swift; path = SesameBotPayload.swift; sourceTree = "<group>"; };
		B0B534DC253439F0001384C7 /* SesameBotProtocols.swift */ = {isa = PBXFileReference; lastKnownFileType = sourcecode.swift; path = SesameBotProtocols.swift; sourceTree = "<group>"; };
		B0B5352525345915001384C7 /* CHSesameBotDevice+Peripheral.swift */ = {isa = PBXFileReference; lastKnownFileType = sourcecode.swift; path = "CHSesameBotDevice+Peripheral.swift"; sourceTree = "<group>"; };
		B0B5352C253459ED001384C7 /* CHSesameBotDevice+Gatt.swift */ = {isa = PBXFileReference; lastKnownFileType = sourcecode.swift; path = "CHSesameBotDevice+Gatt.swift"; sourceTree = "<group>"; };
		B0DA2DED251DC5200041E8A3 /* CHDeviceModel.xcdatamodel */ = {isa = PBXFileReference; lastKnownFileType = wrapper.xcdatamodel; path = CHDeviceModel.xcdatamodel; sourceTree = "<group>"; };
		B0F84D6024ED25F70042411D /* CHWifiModule2Device+Register.swift */ = {isa = PBXFileReference; lastKnownFileType = sourcecode.swift; path = "CHWifiModule2Device+Register.swift"; sourceTree = "<group>"; };
		B1429398231F8D29006AA64C /* SesameSDK.framework */ = {isa = PBXFileReference; explicitFileType = wrapper.framework; includeInIndex = 0; path = SesameSDK.framework; sourceTree = BUILT_PRODUCTS_DIR; };
		B142939B231F8D29006AA64C /* SesameSDK.h */ = {isa = PBXFileReference; lastKnownFileType = sourcecode.c.h; path = SesameSDK.h; sourceTree = "<group>"; };
		B142939C231F8D29006AA64C /* Info.plist */ = {isa = PBXFileReference; lastKnownFileType = text.plist.xml; path = Info.plist; sourceTree = "<group>"; };
		B1429403231F8E42006AA64C /* Sesame2Payload.swift */ = {isa = PBXFileReference; fileEncoding = 4; lastKnownFileType = sourcecode.swift; path = Sesame2Payload.swift; sourceTree = "<group>"; };
		B1429421231F8E8C006AA64C /* CHAccountManager.swift */ = {isa = PBXFileReference; fileEncoding = 4; lastKnownFileType = sourcecode.swift; path = CHAccountManager.swift; sourceTree = "<group>"; };
		B1429431231F8EB7006AA64C /* CHSesame2Device.swift */ = {isa = PBXFileReference; fileEncoding = 4; lastKnownFileType = sourcecode.swift; path = CHSesame2Device.swift; sourceTree = "<group>"; };
		B1429433231F8EB7006AA64C /* Sesame2BleCipher.swift */ = {isa = PBXFileReference; fileEncoding = 4; lastKnownFileType = sourcecode.swift; path = Sesame2BleCipher.swift; sourceTree = "<group>"; };
		B1429434231F8EB8006AA64C /* Sesame2BleDevice+Peripheral.swift */ = {isa = PBXFileReference; fileEncoding = 4; lastKnownFileType = sourcecode.swift; path = "Sesame2BleDevice+Peripheral.swift"; sourceTree = "<group>"; };
		B1429435231F8EB8006AA64C /* CHSesame2Device+Gatt.swift */ = {isa = PBXFileReference; fileEncoding = 4; lastKnownFileType = sourcecode.swift; path = "CHSesame2Device+Gatt.swift"; sourceTree = "<group>"; };
		B1429436231F8EB8006AA64C /* CHSesame2Device+Register.swift */ = {isa = PBXFileReference; fileEncoding = 4; lastKnownFileType = sourcecode.swift; path = "CHSesame2Device+Register.swift"; sourceTree = "<group>"; };
		B1429442231F8F98006AA64C /* CoreBluetooth.framework */ = {isa = PBXFileReference; lastKnownFileType = wrapper.framework; name = CoreBluetooth.framework; path = System/Library/Frameworks/CoreBluetooth.framework; sourceTree = SDKROOT; };
		B18BA28D231F956800794A4F /* Data+.swift */ = {isa = PBXFileReference; fileEncoding = 4; lastKnownFileType = sourcecode.swift; path = "Data+.swift"; sourceTree = "<group>"; };
		B18BA28E231F956800794A4F /* ECC.swift */ = {isa = PBXFileReference; fileEncoding = 4; lastKnownFileType = sourcecode.swift; path = ECC.swift; sourceTree = "<group>"; };
		B18BA290231F956800794A4F /* Logging.swift */ = {isa = PBXFileReference; fileEncoding = 4; lastKnownFileType = sourcecode.swift; path = Logging.swift; sourceTree = "<group>"; };
		B18BA292231F956800794A4F /* AES.swift */ = {isa = PBXFileReference; fileEncoding = 4; lastKnownFileType = sourcecode.swift; path = AES.swift; sourceTree = "<group>"; };
		B1BAAE5C232A2A84003D570B /* CHSesame2Device+Login.swift */ = {isa = PBXFileReference; lastKnownFileType = sourcecode.swift; path = "CHSesame2Device+Login.swift"; sourceTree = "<group>"; };
		B1C4F301231F91230021C772 /* aes_i.h */ = {isa = PBXFileReference; fileEncoding = 4; lastKnownFileType = sourcecode.c.h; path = aes_i.h; sourceTree = "<group>"; };
		B1C4F302231F91230021C772 /* aes_ccm.h */ = {isa = PBXFileReference; fileEncoding = 4; lastKnownFileType = sourcecode.c.h; path = aes_ccm.h; sourceTree = "<group>"; };
		B1C4F303231F91230021C772 /* aes-ccm.c */ = {isa = PBXFileReference; fileEncoding = 4; lastKnownFileType = sourcecode.c.c; path = "aes-ccm.c"; sourceTree = "<group>"; };
		B1C4F304231F91230021C772 /* aes-enc.c */ = {isa = PBXFileReference; fileEncoding = 4; lastKnownFileType = sourcecode.c.c; path = "aes-enc.c"; sourceTree = "<group>"; };
		B1C4F305231F91230021C772 /* aes.c */ = {isa = PBXFileReference; fileEncoding = 4; lastKnownFileType = sourcecode.c.c; path = aes.c; sourceTree = "<group>"; };
		BE32B3D52546C8F8001ADB3A /* String+.swift */ = {isa = PBXFileReference; lastKnownFileType = sourcecode.swift; path = "String+.swift"; sourceTree = "<group>"; };
		BE5794EC24AF0DD500E96B72 /* NSError+.swift */ = {isa = PBXFileReference; lastKnownFileType = sourcecode.swift; path = "NSError+.swift"; sourceTree = "<group>"; };
		BE5E26FC256259DE00F8B0DD /* CHAPICallObject.swift */ = {isa = PBXFileReference; lastKnownFileType = sourcecode.swift; path = CHAPICallObject.swift; sourceTree = "<group>"; };
		BE86FAAB24BC438400E91666 /* CHSesame2HistoryEvent.swift */ = {isa = PBXFileReference; lastKnownFileType = sourcecode.swift; path = CHSesame2HistoryEvent.swift; sourceTree = "<group>"; };
		BE8D0B5B2494A33F00B99987 /* CHConfiguration.swift */ = {isa = PBXFileReference; lastKnownFileType = sourcecode.swift; path = CHConfiguration.swift; sourceTree = "<group>"; };
		BE99606E256223CD00E28231 /* CHDevice.swift */ = {isa = PBXFileReference; lastKnownFileType = sourcecode.swift; path = CHDevice.swift; sourceTree = "<group>"; };
		BE9D597F259C256B002594A4 /* CHSesameBotDevice+Setting.swift */ = {isa = PBXFileReference; lastKnownFileType = sourcecode.swift; path = "CHSesameBotDevice+Setting.swift"; sourceTree = "<group>"; };
		BEE15B4825D117E500C0FE8A /* CHGuestKey.swift */ = {isa = PBXFileReference; lastKnownFileType = sourcecode.swift; path = CHGuestKey.swift; sourceTree = "<group>"; };
		BEE459C3248500D500A886D5 /* SesameWatchKitSDK.framework */ = {isa = PBXFileReference; explicitFileType = wrapper.framework; includeInIndex = 0; path = SesameWatchKitSDK.framework; sourceTree = BUILT_PRODUCTS_DIR; };
		BEE459C5248500D600A886D5 /* SesameWatchKitSDK.h */ = {isa = PBXFileReference; lastKnownFileType = sourcecode.c.h; path = SesameWatchKitSDK.h; sourceTree = "<group>"; };
		BEE459C6248500D600A886D5 /* Info.plist */ = {isa = PBXFileReference; lastKnownFileType = text.plist.xml; path = Info.plist; sourceTree = "<group>"; };
		BEE4BF67259D65F200F896C8 /* CHBikeLockDevice+Setting.swift */ = {isa = PBXFileReference; lastKnownFileType = sourcecode.swift; path = "CHBikeLockDevice+Setting.swift"; sourceTree = "<group>"; };
		E84337D62AB99F5B00F1FD62 /* CHServerAuth.swift */ = {isa = PBXFileReference; fileEncoding = 4; lastKnownFileType = sourcecode.swift; name = CHServerAuth.swift; path = Shared/Ble/CHServerAuth.swift; sourceTree = SOURCE_ROOT; };
		E86587E22A25F5940091D77F /* CHSesameBike2.swift */ = {isa = PBXFileReference; lastKnownFileType = sourcecode.swift; path = CHSesameBike2.swift; sourceTree = "<group>"; };
		E86587EA2A25FC2B0091D77F /* CHSesameBike2Device.swift */ = {isa = PBXFileReference; lastKnownFileType = sourcecode.swift; path = CHSesameBike2Device.swift; sourceTree = "<group>"; };
		EDDF7698234B22C8008DD6C9 /* CHSesame2Device+History.swift */ = {isa = PBXFileReference; lastKnownFileType = sourcecode.swift; path = "CHSesame2Device+History.swift"; sourceTree = "<group>"; };
/* End PBXFileReference section */

/* Begin PBXFrameworksBuildPhase section */
		B1429395231F8D29006AA64C /* Frameworks */ = {
			isa = PBXFrameworksBuildPhase;
			buildActionMask = 2147483647;
			files = (
			);
			runOnlyForDeploymentPostprocessing = 0;
		};
		BEE459C0248500D500A886D5 /* Frameworks */ = {
			isa = PBXFrameworksBuildPhase;
			buildActionMask = 2147483647;
			files = (
			);
			runOnlyForDeploymentPostprocessing = 0;
		};
/* End PBXFrameworksBuildPhase section */

/* Begin PBXGroup section */
		4134C99A2A1043700025D33F /* SesameTouchPro */ = {
			isa = PBXGroup;
			children = (
				4134C99B2A1043990025D33F /* CHSesameTouchPro.swift */,
				4134C99E2A1045C10025D33F /* CHSesameTouchProDevice.swift */,
				4134C9A12A1045CF0025D33F /* CHSesameTouchPro+Command.swift */,
				4134C9A42A1045DD0025D33F /* CHSesameTouchPro+Register.swift */,
			);
			path = SesameTouchPro;
			sourceTree = "<group>";
		};
		4194E01B2A1D95E700A3A83C /* SesameOS2 */ = {
			isa = PBXGroup;
			children = (
				B0B534C725343584001384C7 /* SesameBike */,
				B0B534C62534357E001384C7 /* SesameBot */,
				B1429430231F8EA8006AA64C /* Sesame2 */,
			);
			path = SesameOS2;
			sourceTree = "<group>";
		};
		41ACFD0929B8E2C0001153DB /* Sesame5 */ = {
			isa = PBXGroup;
			children = (
				41ACFD0A29B8E39E001153DB /* CHSesame5.swift */,
				41ACFD0C29B8E3E3001153DB /* CHSesame5Device.swift */,
				4151164629B951EF00B1DE1F /* CHSesame5Device+Command.swift */,
				4151164429B94F7B00B1DE1F /* CHSesame5Device+Register.swift */,
				41ACFD1229B8EAC3001153DB /* CHSesame5Device+History.swift */,
			);
			path = Sesame5;
			sourceTree = "<group>";
		};
		41DFF98F2A0CB4A300C63E12 /* SesameOS3 */ = {
			isa = PBXGroup;
			children = (
				4134C99A2A1043700025D33F /* SesameTouchPro */,
				E86587E62A25F7E10091D77F /* SesameBike2 */,
				41ACFD0929B8E2C0001153DB /* Sesame5 */,
				B087E56C24E119C90087D978 /* WifiModule2 */,
				B0377B7A24EBAEFB000279E3 /* SesameOS3BleCipher.swift */,
				4151166529BB68B100B1DE1F /* SesameOS3SegmentType.swift */,
				41499E902A11C32500944CDC /* CHSesameOS3.swift */,
			);
			path = SesameOS3;
			sourceTree = "<group>";
		};
		41E39D102375064B00BC7B7E /* Keys */ = {
			isa = PBXGroup;
			children = (
				41E39D112375066900BC7B7E /* CHDeviceKey.swift */,
				BEE15B4825D117E500C0FE8A /* CHGuestKey.swift */,
				BE86FAAB24BC438400E91666 /* CHSesame2HistoryEvent.swift */,
			);
			path = Keys;
			sourceTree = "<group>";
		};
		7CC2E3B815B0A438E67EC568 /* Frameworks */ = {
			isa = PBXGroup;
			children = (
				B1429442231F8F98006AA64C /* CoreBluetooth.framework */,
			);
			name = Frameworks;
			sourceTree = "<group>";
		};
		B087E56C24E119C90087D978 /* WifiModule2 */ = {
			isa = PBXGroup;
			children = (
				B087E56A24E119BF0087D978 /* CHWifiModule2.swift */,
				B087E56E24E11DC30087D978 /* CHWifiModule2Device.swift */,
				B0377B5424EB9C84000279E3 /* CHWifiModule2Device+Peripheral.swift */,
				B0377B7824EBAD6A000279E3 /* CHWifiModule2Device+Gatt.swift */,
				B0F84D6024ED25F70042411D /* CHWifiModule2Device+Register.swift */,
				B0377B5A24EBA4C3000279E3 /* WifiModule2Payload.swift */,
				B02179A1252B0AB000FA2C4E /* WifiModule2Protocols.swift */,
			);
			path = WifiModule2;
			sourceTree = "<group>";
		};
		B0B534C62534357E001384C7 /* SesameBot */ = {
			isa = PBXGroup;
			children = (
				B0B534C8253435BB001384C7 /* CHSesameBot.swift */,
				B0B534D2253436B8001384C7 /* CHSesameBotDevice.swift */,
				B0B5352525345915001384C7 /* CHSesameBotDevice+Peripheral.swift */,
				B0B5352C253459ED001384C7 /* CHSesameBotDevice+Gatt.swift */,
				B0AF549C25345E1100F24FA8 /* CHSesameBotDevice+History.swift */,
				B0AF54AB253464FD00F24FA8 /* CHSesameBotDevice+Register.swift */,
				B0AF54B0253467F800F24FA8 /* CHSesameBotDevice+Login.swift */,
				B0AF54B525346C5D00F24FA8 /* CHSesameBotDevice+Lock.swift */,
				B065EC672537F8B9000B807D /* CHSesameBotDevice+DFU.swift */,
				BE9D597F259C256B002594A4 /* CHSesameBotDevice+Setting.swift */,
				B0B534D725343918001384C7 /* SesameBotPayload.swift */,
				B0B534DC253439F0001384C7 /* SesameBotProtocols.swift */,
			);
			path = SesameBot;
			sourceTree = "<group>";
		};
		B0B534C725343584001384C7 /* SesameBike */ = {
			isa = PBXGroup;
			children = (
				B0B534CD253435C8001384C7 /* CHBikeLock.swift */,
				B0A4429725381EF800DCB1DB /* CHBikeLockDevice.swift */,
				B0A442D82538563400DCB1DB /* CHBikeLockDevice+Peripheral.swift */,
				B0A442DD2538566100DCB1DB /* CHBikeLockDevice+Gatt.swift */,
				B0A442E92538584A00DCB1DB /* CHBikeLockDevice+Login.swift */,
				B0A442F325385B2F00DCB1DB /* CHBikeLockDevice+Register.swift */,
				B0A4430725385E4D00DCB1DB /* CHBikeLockDevice+Lock.swift */,
				B0A4430225385D8F00DCB1DB /* CHBikeLockDevice+DFU.swift */,
				BEE4BF67259D65F200F896C8 /* CHBikeLockDevice+Setting.swift */,
				B0A442BE25384D6C00DCB1DB /* BikeLockPayload.swift */,
			);
			path = SesameBike;
			sourceTree = "<group>";
		};
		B0FDDA06248CE6FF00DD72B7 /* DB */ = {
			isa = PBXGroup;
			children = (
				41FB222724BE984100AE6ABB /* CHDeviceManager.swift */,
				B0DA2DEC251DC5200041E8A3 /* CHDeviceModel.xcdatamodeld */,
				411A10B123A4F13E00CFC4F1 /* CHDeviceCenter.swift */,
			);
			path = DB;
			sourceTree = "<group>";
		};
		B0FDDA3E248CFDB300DD72B7 /* DataModel */ = {
			isa = PBXGroup;
			children = (
				41E39D102375064B00BC7B7E /* Keys */,
			);
			path = DataModel;
			sourceTree = "<group>";
		};
		B0FDDA45248CFED600DD72B7 /* Server */ = {
			isa = PBXGroup;
			children = (
				B1429421231F8E8C006AA64C /* CHAccountManager.swift */,
				BE5E26FC256259DE00F8B0DD /* CHAPICallObject.swift */,
				41D6D1DD2420505200537B77 /* CHAccountManager+APIRequest.swift */,
				419E892224F0EEA0004C6EF2 /* CHResultPattern.swift */,
			);
			path = Server;
			sourceTree = "<group>";
		};
		B142938E231F8D29006AA64C = {
			isa = PBXGroup;
			children = (
				BE7337342488D9FA006E0346 /* Shared */,
				B142939A231F8D29006AA64C /* SesameSDK */,
				BEE459C4248500D600A886D5 /* SesameWatchKitSDK */,
				B1429399231F8D29006AA64C /* Products */,
				7CC2E3B815B0A438E67EC568 /* Frameworks */,
			);
			sourceTree = "<group>";
		};
		B1429399231F8D29006AA64C /* Products */ = {
			isa = PBXGroup;
			children = (
				B1429398231F8D29006AA64C /* SesameSDK.framework */,
				BEE459C3248500D500A886D5 /* SesameWatchKitSDK.framework */,
			);
			name = Products;
			sourceTree = "<group>";
		};
		B142939A231F8D29006AA64C /* SesameSDK */ = {
			isa = PBXGroup;
			children = (
				B142939B231F8D29006AA64C /* SesameSDK.h */,
				B142939C231F8D29006AA64C /* Info.plist */,
			);
			path = SesameSDK;
			sourceTree = "<group>";
		};
		B14293B4231F8DB6006AA64C /* Utils */ = {
			isa = PBXGroup;
			children = (
				B14293C1231F8DD5006AA64C /* aesCCM */,
				B18BA292231F956800794A4F /* AES.swift */,
				B18BA28E231F956800794A4F /* ECC.swift */,
				419E891324F0CD41004C6EF2 /* SwCrypt.swift */,
				B18BA290231F956800794A4F /* Logging.swift */,
				B18BA28D231F956800794A4F /* Data+.swift */,
				BE32B3D52546C8F8001ADB3A /* String+.swift */,
				BE5794EC24AF0DD500E96B72 /* NSError+.swift */,
				B082B19924EF993B0016D4F6 /* URLSession+.swift */,
				BE8D0B5B2494A33F00B99987 /* CHConfiguration.swift */,
				B0911B20251AE01F00D4CA65 /* CHExtensionListener.swift */,
			);
			path = Utils;
			sourceTree = "<group>";
		};
		B14293C1231F8DD5006AA64C /* aesCCM */ = {
			isa = PBXGroup;
			children = (
				B1C4F301231F91230021C772 /* aes_i.h */,
				B1C4F302231F91230021C772 /* aes_ccm.h */,
				B1C4F305231F91230021C772 /* aes.c */,
				B1C4F303231F91230021C772 /* aes-ccm.c */,
				B1C4F304231F91230021C772 /* aes-enc.c */,
			);
			path = aesCCM;
			sourceTree = "<group>";
		};
		B1429429231F8E94006AA64C /* Ble */ = {
			isa = PBXGroup;
			children = (
				4194E01B2A1D95E700A3A83C /* SesameOS2 */,
				41DFF98F2A0CB4A300C63E12 /* SesameOS3 */,
				BE99606E256223CD00E28231 /* CHDevice.swift */,
				4133E7E22A09C9D20005DCC0 /* CHBaseDevice.swift */,
				4133E7DF2A09C8500005DCC0 /* CHBluetoothCenter.swift */,
				41DFF98C2A0CB1CB00C63E12 /* CHDeviceProtocol.swift */,
				E84337D62AB99F5B00F1FD62 /* CHServerAuth.swift */,
			);
			path = Ble;
			sourceTree = "<group>";
		};
		B1429430231F8EA8006AA64C /* Sesame2 */ = {
			isa = PBXGroup;
			children = (
				41B59AAA24D11572007F3C2A /* CHSesame2.swift */,
				B1429431231F8EB7006AA64C /* CHSesame2Device.swift */,
				41077CE1239F382C0010067C /* CHSesame2Device+Lock.swift */,
				B1429436231F8EB8006AA64C /* CHSesame2Device+Register.swift */,
				B1BAAE5C232A2A84003D570B /* CHSesame2Device+Login.swift */,
				EDDF7698234B22C8008DD6C9 /* CHSesame2Device+History.swift */,
				B1429435231F8EB8006AA64C /* CHSesame2Device+Gatt.swift */,
				41F15CAE24CBD03900B91E25 /* CHSesame2Device+DFU.swift */,
				B1429434231F8EB8006AA64C /* Sesame2BleDevice+Peripheral.swift */,
				B1429433231F8EB7006AA64C /* Sesame2BleCipher.swift */,
				B1429403231F8E42006AA64C /* Sesame2Payload.swift */,
				419E891624F0E315004C6EF2 /* Sesame2Protocols.swift */,
			);
			path = Sesame2;
			sourceTree = "<group>";
		};
		BE7337342488D9FA006E0346 /* Shared */ = {
			isa = PBXGroup;
			children = (
				B0FDDA45248CFED600DD72B7 /* Server */,
				B0FDDA3E248CFDB300DD72B7 /* DataModel */,
				B1429429231F8E94006AA64C /* Ble */,
				B0FDDA06248CE6FF00DD72B7 /* DB */,
				B14293B4231F8DB6006AA64C /* Utils */,
			);
			path = Shared;
			sourceTree = "<group>";
		};
		BEE459C4248500D600A886D5 /* SesameWatchKitSDK */ = {
			isa = PBXGroup;
			children = (
				BEE459C5248500D600A886D5 /* SesameWatchKitSDK.h */,
				BEE459C6248500D600A886D5 /* Info.plist */,
			);
			path = SesameWatchKitSDK;
			sourceTree = "<group>";
		};
		E86587E62A25F7E10091D77F /* SesameBike2 */ = {
			isa = PBXGroup;
			children = (
				E86587E22A25F5940091D77F /* CHSesameBike2.swift */,
				E86587EA2A25FC2B0091D77F /* CHSesameBike2Device.swift */,
			);
			path = SesameBike2;
			sourceTree = "<group>";
		};
/* End PBXGroup section */

/* Begin PBXHeadersBuildPhase section */
		B1429393231F8D29006AA64C /* Headers */ = {
			isa = PBXHeadersBuildPhase;
			buildActionMask = 2147483647;
			files = (
				B1C4F307231F91230021C772 /* aes_ccm.h in Headers */,
				B1C4F306231F91230021C772 /* aes_i.h in Headers */,
				B14293A9231F8D29006AA64C /* SesameSDK.h in Headers */,
			);
			runOnlyForDeploymentPostprocessing = 0;
		};
		BEE459BE248500D500A886D5 /* Headers */ = {
			isa = PBXHeadersBuildPhase;
			buildActionMask = 2147483647;
			files = (
				BEE459C7248500D600A886D5 /* SesameWatchKitSDK.h in Headers */,
				B0FDDA1F248CF05C00DD72B7 /* aes_i.h in Headers */,
				B0FDDA20248CF05C00DD72B7 /* aes_ccm.h in Headers */,
			);
			runOnlyForDeploymentPostprocessing = 0;
		};
/* End PBXHeadersBuildPhase section */

/* Begin PBXNativeTarget section */
		B1429397231F8D29006AA64C /* SesameSDK */ = {
			isa = PBXNativeTarget;
			buildConfigurationList = B14293AC231F8D29006AA64C /* Build configuration list for PBXNativeTarget "SesameSDK" */;
			buildPhases = (
				B1429393231F8D29006AA64C /* Headers */,
				B1429394231F8D29006AA64C /* Sources */,
				B1429395231F8D29006AA64C /* Frameworks */,
				B1429396231F8D29006AA64C /* Resources */,
				B00AB95B2476577A0023D2F0 /* ShellScript */,
			);
			buildRules = (
			);
			dependencies = (
			);
			name = SesameSDK;
			packageProductDependencies = (
			);
			productName = SesameSDK;
			productReference = B1429398231F8D29006AA64C /* SesameSDK.framework */;
			productType = "com.apple.product-type.framework";
		};
		BEE459C2248500D500A886D5 /* SesameWatchKitSDK */ = {
			isa = PBXNativeTarget;
			buildConfigurationList = BEE459CA248500D600A886D5 /* Build configuration list for PBXNativeTarget "SesameWatchKitSDK" */;
			buildPhases = (
				BEE459BE248500D500A886D5 /* Headers */,
				BEE459BF248500D500A886D5 /* Sources */,
				BEE459C0248500D500A886D5 /* Frameworks */,
				BEE459C1248500D500A886D5 /* Resources */,
			);
			buildRules = (
			);
			dependencies = (
			);
			name = SesameWatchKitSDK;
			productName = SesameWatchKitSDK;
			productReference = BEE459C3248500D500A886D5 /* SesameWatchKitSDK.framework */;
			productType = "com.apple.product-type.framework";
		};
/* End PBXNativeTarget section */

/* Begin PBXProject section */
		B142938F231F8D29006AA64C /* Project object */ = {
			isa = PBXProject;
			attributes = {
				LastSwiftUpdateCheck = 1030;
				LastUpgradeCheck = 1030;
				ORGANIZATIONNAME = CandyHouse;
				TargetAttributes = {
					B1429397231F8D29006AA64C = {
						CreatedOnToolsVersion = 10.3;
						LastSwiftMigration = 1030;
					};
					BEE459C2248500D500A886D5 = {
						CreatedOnToolsVersion = 11.5;
					};
				};
			};
			buildConfigurationList = B1429392231F8D29006AA64C /* Build configuration list for PBXProject "SesameSDK" */;
			compatibilityVersion = "Xcode 9.3";
			developmentRegion = en;
			hasScannedForEncodings = 0;
			knownRegions = (
				en,
				Base,
			);
			mainGroup = B142938E231F8D29006AA64C;
			packageReferences = (
			);
			productRefGroup = B1429399231F8D29006AA64C /* Products */;
			projectDirPath = "";
			projectRoot = "";
			targets = (
				B1429397231F8D29006AA64C /* SesameSDK */,
				BEE459C2248500D500A886D5 /* SesameWatchKitSDK */,
			);
		};
/* End PBXProject section */

/* Begin PBXResourcesBuildPhase section */
		B1429396231F8D29006AA64C /* Resources */ = {
			isa = PBXResourcesBuildPhase;
			buildActionMask = 2147483647;
			files = (
			);
			runOnlyForDeploymentPostprocessing = 0;
		};
		BEE459C1248500D500A886D5 /* Resources */ = {
			isa = PBXResourcesBuildPhase;
			buildActionMask = 2147483647;
			files = (
			);
			runOnlyForDeploymentPostprocessing = 0;
		};
/* End PBXResourcesBuildPhase section */

/* Begin PBXShellScriptBuildPhase section */
		B00AB95B2476577A0023D2F0 /* ShellScript */ = {
			isa = PBXShellScriptBuildPhase;
			buildActionMask = 2147483647;
			files = (
			);
			inputFileListPaths = (
			);
			inputPaths = (
			);
			outputFileListPaths = (
			);
			outputPaths = (
			);
			runOnlyForDeploymentPostprocessing = 0;
			shellPath = /bin/sh;
			shellScript = "
";
		};
/* End PBXShellScriptBuildPhase section */

/* Begin PBXSourcesBuildPhase section */
		B1429394231F8D29006AA64C /* Sources */ = {
			isa = PBXSourcesBuildPhase;
			buildActionMask = 2147483647;
			files = (
				41ACFD1329B8EAC3001153DB /* CHSesame5Device+History.swift in Sources */,
				BE9D5980259C256B002594A4 /* CHSesameBotDevice+Setting.swift in Sources */,
				B0A442BF25384D6C00DCB1DB /* BikeLockPayload.swift in Sources */,
				B1429438231F8EB8006AA64C /* CHSesame2Device.swift in Sources */,
				B142943B231F8EB8006AA64C /* Sesame2BleDevice+Peripheral.swift in Sources */,
				B0AF54AC253464FD00F24FA8 /* CHSesameBotDevice+Register.swift in Sources */,
				41B59AAB24D11572007F3C2A /* CHSesame2.swift in Sources */,
				B0A442F425385B2F00DCB1DB /* CHBikeLockDevice+Register.swift in Sources */,
				41499E912A11C32500944CDC /* CHSesameOS3.swift in Sources */,
				B0217976252ACF9000FA2C4E /* WifiModule2Payload.swift in Sources */,
				B18BA298231F956800794A4F /* AES.swift in Sources */,
				B0B534D825343918001384C7 /* SesameBotPayload.swift in Sources */,
				B18BA294231F956800794A4F /* ECC.swift in Sources */,
				B1C4F30A231F91230021C772 /* aes.c in Sources */,
				4151166629BB68B100B1DE1F /* SesameOS3SegmentType.swift in Sources */,
				B0AF549D25345E1100F24FA8 /* CHSesameBotDevice+History.swift in Sources */,
				BEE15B4925D117E500C0FE8A /* CHGuestKey.swift in Sources */,
				B0B534DD253439F0001384C7 /* SesameBotProtocols.swift in Sources */,
				BE5794ED24AF0DD500E96B72 /* NSError+.swift in Sources */,
				B0B534D3253436B8001384C7 /* CHSesameBotDevice.swift in Sources */,
				B0A442EA2538584A00DCB1DB /* CHBikeLockDevice+Login.swift in Sources */,
				41ACFD0D29B8E3E3001153DB /* CHSesame5Device.swift in Sources */,
				419E891424F0CD41004C6EF2 /* SwCrypt.swift in Sources */,
				B0B5352D253459ED001384C7 /* CHSesameBotDevice+Gatt.swift in Sources */,
				411A10B223A4F13E00CFC4F1 /* CHDeviceCenter.swift in Sources */,
				B0A442DE2538566100DCB1DB /* CHBikeLockDevice+Gatt.swift in Sources */,
				B021797A252ACF9000FA2C4E /* CHWifiModule2Device+Gatt.swift in Sources */,
				BE5E26FD256259DE00F8B0DD /* CHAPICallObject.swift in Sources */,
				B02179A2252B0AB000FA2C4E /* WifiModule2Protocols.swift in Sources */,
				41F15CAF24CBD03900B91E25 /* CHSesame2Device+DFU.swift in Sources */,
				B021796B252ACF5900FA2C4E /* CHWifiModule2.swift in Sources */,
				4134C99F2A1045C10025D33F /* CHSesameTouchProDevice.swift in Sources */,
				B021796F252ACF8300FA2C4E /* CHWifiModule2Device+Peripheral.swift in Sources */,
				41ACFD0B29B8E39E001153DB /* CHSesame5.swift in Sources */,
				41DFF98D2A0CB1CB00C63E12 /* CHDeviceProtocol.swift in Sources */,
				B0AF54B1253467F800F24FA8 /* CHSesameBotDevice+Login.swift in Sources */,
				B0217960252ACF0D00FA2C4E /* CHWifiModule2Device.swift in Sources */,
				4134C9A52A1045DD0025D33F /* CHSesameTouchPro+Register.swift in Sources */,
				B18BA296231F956800794A4F /* Logging.swift in Sources */,
				41E39D122375066900BC7B7E /* CHDeviceKey.swift in Sources */,
				B142943C231F8EB8006AA64C /* CHSesame2Device+Gatt.swift in Sources */,
				B0A442D92538563400DCB1DB /* CHBikeLockDevice+Peripheral.swift in Sources */,
				B0DA2DEE251DC5200041E8A3 /* CHDeviceModel.xcdatamodeld in Sources */,
				419E892324F0EEA0004C6EF2 /* CHResultPattern.swift in Sources */,
				B0A4430825385E4D00DCB1DB /* CHBikeLockDevice+Lock.swift in Sources */,
				BE99606F256223CD00E28231 /* CHDevice.swift in Sources */,
				4151164729B951EF00B1DE1F /* CHSesame5Device+Command.swift in Sources */,
				B065EC682537F8B9000B807D /* CHSesameBotDevice+DFU.swift in Sources */,
				B0B534CE253435C8001384C7 /* CHBikeLock.swift in Sources */,
				B1C4F308231F91230021C772 /* aes-ccm.c in Sources */,
				E84337D72AB99F5B00F1FD62 /* CHServerAuth.swift in Sources */,
				41D6D1DE2420505200537B77 /* CHAccountManager+APIRequest.swift in Sources */,
				BEE4BF68259D65F200F896C8 /* CHBikeLockDevice+Setting.swift in Sources */,
				B142943D231F8EB8006AA64C /* CHSesame2Device+Register.swift in Sources */,
				B1429426231F8E8C006AA64C /* CHAccountManager.swift in Sources */,
				4151164529B94F7B00B1DE1F /* CHSesame5Device+Register.swift in Sources */,
				B0A4429825381EF800DCB1DB /* CHBikeLockDevice.swift in Sources */,
				4133E7E32A09C9D20005DCC0 /* CHBaseDevice.swift in Sources */,
				B0A4430325385D8F00DCB1DB /* CHBikeLockDevice+DFU.swift in Sources */,
				4133E7E02A09C8500005DCC0 /* CHBluetoothCenter.swift in Sources */,
				E86587E32A25F5940091D77F /* CHSesameBike2.swift in Sources */,
				B18BA293231F956800794A4F /* Data+.swift in Sources */,
				B1429408231F8E42006AA64C /* Sesame2Payload.swift in Sources */,
				B0B534C9253435BB001384C7 /* CHSesameBot.swift in Sources */,
				BE86FAAC24BC438400E91666 /* CHSesame2HistoryEvent.swift in Sources */,
				41077CE2239F382C0010067C /* CHSesame2Device+Lock.swift in Sources */,
				B0911B21251AE01F00D4CA65 /* CHExtensionListener.swift in Sources */,
				B142943A231F8EB8006AA64C /* Sesame2BleCipher.swift in Sources */,
				BE8D0B5C2494A33F00B99987 /* CHConfiguration.swift in Sources */,
				B1BAAE5D232A2A84003D570B /* CHSesame2Device+Login.swift in Sources */,
				B021797B252ACF9000FA2C4E /* SesameOS3BleCipher.swift in Sources */,
				4134C9A22A1045CF0025D33F /* CHSesameTouchPro+Command.swift in Sources */,
				B0AF54B625346C5D00F24FA8 /* CHSesameBotDevice+Lock.swift in Sources */,
				E86587EB2A25FC2B0091D77F /* CHSesameBike2Device.swift in Sources */,
				B1C4F309231F91230021C772 /* aes-enc.c in Sources */,
				419E891724F0E315004C6EF2 /* Sesame2Protocols.swift in Sources */,
				B082B19A24EF993B0016D4F6 /* URLSession+.swift in Sources */,
				4134C99C2A1043990025D33F /* CHSesameTouchPro.swift in Sources */,
				BE32B3D62546C8F8001ADB3A /* String+.swift in Sources */,
				B0217977252ACF9000FA2C4E /* CHWifiModule2Device+Register.swift in Sources */,
				41FB222824BE984100AE6ABB /* CHDeviceManager.swift in Sources */,
				B0B5352625345915001384C7 /* CHSesameBotDevice+Peripheral.swift in Sources */,
				EDDF7699234B22C8008DD6C9 /* CHSesame2Device+History.swift in Sources */,
			);
			runOnlyForDeploymentPostprocessing = 0;
		};
		BEE459BF248500D500A886D5 /* Sources */ = {
			isa = PBXSourcesBuildPhase;
			buildActionMask = 2147483647;
			files = (
				E85CADE62AAAC26900741E33 /* CHDeviceManager.swift in Sources */,
				E85CADE52AAAC23C00741E33 /* CHAccountManager+APIRequest.swift in Sources */,
				B0A4430925385E4D00DCB1DB /* CHBikeLockDevice+Lock.swift in Sources */,
				B0B534D4253436B8001384C7 /* CHSesameBotDevice.swift in Sources */,
				B021796C252ACF5A00FA2C4E /* CHWifiModule2.swift in Sources */,
				B0B5352725345915001384C7 /* CHSesameBotDevice+Peripheral.swift in Sources */,
				BE86FAAD24BC438400E91666 /* CHSesame2HistoryEvent.swift in Sources */,
				B0B5352E253459ED001384C7 /* CHSesameBotDevice+Gatt.swift in Sources */,
				B0A442EB2538584A00DCB1DB /* CHBikeLockDevice+Login.swift in Sources */,
				B0FDDA36248CF6B000DD72B7 /* Sesame2BleCipher.swift in Sources */,
				BE97C80624AE2A09002E7E8B /* CHSesame2Device+History.swift in Sources */,
				B0B534CA253435BB001384C7 /* CHSesameBot.swift in Sources */,
				4151164A29BA212200B1DE1F /* CHSesame5Device.swift in Sources */,
				B0FDDA22248CF05C00DD72B7 /* aes-ccm.c in Sources */,
				E86587EC2A25FC2B0091D77F /* CHSesameBike2Device.swift in Sources */,
				B0217988252ACF9000FA2C4E /* SesameOS3BleCipher.swift in Sources */,
				B0911B22251AE01F00D4CA65 /* CHExtensionListener.swift in Sources */,
				BE5E26FE256259DE00F8B0DD /* CHAPICallObject.swift in Sources */,
				B02179A3252B0AB000FA2C4E /* WifiModule2Protocols.swift in Sources */,
				BE8D0B5D2494A34000B99987 /* CHConfiguration.swift in Sources */,
				B082B19B24EF993B0016D4F6 /* URLSession+.swift in Sources */,
				4151166729BB68E100B1DE1F /* SesameOS3SegmentType.swift in Sources */,
				4134C9A32A1045CF0025D33F /* CHSesameTouchPro+Command.swift in Sources */,
				BEE4BF69259D65F200F896C8 /* CHBikeLockDevice+Setting.swift in Sources */,
				B0A4430425385D8F00DCB1DB /* CHBikeLockDevice+DFU.swift in Sources */,
				B0FDDA26248CF05C00DD72B7 /* ECC.swift in Sources */,
				41B59AAC24D11572007F3C2A /* CHSesame2.swift in Sources */,
				B0FDDA23248CF05C00DD72B7 /* aes-enc.c in Sources */,
				B0AF54B2253467F800F24FA8 /* CHSesameBotDevice+Login.swift in Sources */,
				B0B534DE253439F0001384C7 /* SesameBotProtocols.swift in Sources */,
				B0A442DF2538566100DCB1DB /* CHBikeLockDevice+Gatt.swift in Sources */,
				B0FDDA21248CF05C00DD72B7 /* aes.c in Sources */,
				41499E932A11DE7500944CDC /* CHSesame5Device+Register.swift in Sources */,
				BE996070256223CD00E28231 /* CHDevice.swift in Sources */,
				B0217987252ACF9000FA2C4E /* CHWifiModule2Device+Gatt.swift in Sources */,
				41499E972A11DE9800944CDC /* CHSesameBotDevice+Register.swift in Sources */,
				4151164B29BA213500B1DE1F /* CHSesame5.swift in Sources */,
				419E891824F0E315004C6EF2 /* Sesame2Protocols.swift in Sources */,
				BE97C80724AE2A0F002E7E8B /* CHSesame2Device+Login.swift in Sources */,
				419E891524F0CD41004C6EF2 /* SwCrypt.swift in Sources */,
				B0710A32253573FA007B4F48 /* CHSesameBotDevice+History.swift in Sources */,
				BE5794EE24AF0DD500E96B72 /* NSError+.swift in Sources */,
				B0FDDA46248CFFAC00DD72B7 /* CHAccountManager.swift in Sources */,
				B0FDDA25248CF05C00DD72B7 /* AES.swift in Sources */,
				B065EC692537F8B9000B807D /* CHSesameBotDevice+DFU.swift in Sources */,
				B0FDDA40248CFDCC00DD72B7 /* CHDeviceKey.swift in Sources */,
				B0217983252ACF9000FA2C4E /* WifiModule2Payload.swift in Sources */,
				41F15CB024CBD03900B91E25 /* CHSesame2Device+DFU.swift in Sources */,
				B0FDDA33248CF6B000DD72B7 /* Sesame2BleDevice+Peripheral.swift in Sources */,
				B0A4429925381EF800DCB1DB /* CHBikeLockDevice.swift in Sources */,
				E84337D82AB99F5B00F1FD62 /* CHServerAuth.swift in Sources */,
				4151165529BA22DD00B1DE1F /* CHSesame5Device+Command.swift in Sources */,
				BE32B3D72546C8F8001ADB3A /* String+.swift in Sources */,
				B0FDDA11248CEF7100DD72B7 /* Sesame2Payload.swift in Sources */,
				4134C99D2A1043990025D33F /* CHSesameTouchPro.swift in Sources */,
				B0FDDA28248CF05C00DD72B7 /* Data+.swift in Sources */,
				41499E962A11DE9400944CDC /* CHBikeLockDevice+Register.swift in Sources */,
				E86587E42A25F5940091D77F /* CHSesameBike2.swift in Sources */,
				B0A442C025384D6C00DCB1DB /* BikeLockPayload.swift in Sources */,
				4151164D29BA214A00B1DE1F /* CHSesame5Device+History.swift in Sources */,
				B0FDDA31248CF6B000DD72B7 /* CHSesame2Device+Gatt.swift in Sources */,
				4133E7E42A09C9D20005DCC0 /* CHBaseDevice.swift in Sources */,
				B0AF54B725346C5D00F24FA8 /* CHSesameBotDevice+Lock.swift in Sources */,
				B0DA2DEF251DC5200041E8A3 /* CHDeviceModel.xcdatamodeld in Sources */,
				41499E982A11DEA700944CDC /* CHSesame2Device+Register.swift in Sources */,
				B0FDDA27248CF05C00DD72B7 /* Logging.swift in Sources */,
				41499E952A11DE8D00944CDC /* CHWifiModule2Device+Register.swift in Sources */,
				B0B534D925343918001384C7 /* SesameBotPayload.swift in Sources */,
				419E892424F0EEA0004C6EF2 /* CHResultPattern.swift in Sources */,
				B02179A8252B211400FA2C4E /* CHWifiModule2Device.swift in Sources */,
				B0B534CF253435C8001384C7 /* CHBikeLock.swift in Sources */,
				B0217972252ACF8300FA2C4E /* CHWifiModule2Device+Peripheral.swift in Sources */,
				4134C9A02A1045C10025D33F /* CHSesameTouchProDevice.swift in Sources */,
				B0FDDA08248CEA3C00DD72B7 /* CHDeviceCenter.swift in Sources */,
				41499E922A11C32500944CDC /* CHSesameOS3.swift in Sources */,
				BEE15B4A25D117E500C0FE8A /* CHGuestKey.swift in Sources */,
				4133E7E12A09C8500005DCC0 /* CHBluetoothCenter.swift in Sources */,
				41499E942A11DE8400944CDC /* CHSesameTouchPro+Register.swift in Sources */,
				41DFF98E2A0CB1CB00C63E12 /* CHDeviceProtocol.swift in Sources */,
				B0FDDA2D248CF6B000DD72B7 /* CHSesame2Device+Lock.swift in Sources */,
				BE9D5981259C256B002594A4 /* CHSesameBotDevice+Setting.swift in Sources */,
				B0A442DA2538563400DCB1DB /* CHBikeLockDevice+Peripheral.swift in Sources */,
				B0FDDA2C248CF6B000DD72B7 /* CHSesame2Device.swift in Sources */,
			);
			runOnlyForDeploymentPostprocessing = 0;
		};
/* End PBXSourcesBuildPhase section */

/* Begin XCBuildConfiguration section */
		B14293AA231F8D29006AA64C /* Debug */ = {
			isa = XCBuildConfiguration;
			buildSettings = {
				ALWAYS_EMBED_SWIFT_STANDARD_LIBRARIES = NO;
				ALWAYS_SEARCH_USER_PATHS = NO;
				CLANG_ANALYZER_NONNULL = YES;
				CLANG_ANALYZER_NUMBER_OBJECT_CONVERSION = YES_AGGRESSIVE;
				CLANG_CXX_LANGUAGE_STANDARD = "gnu++14";
				CLANG_CXX_LIBRARY = "libc++";
				CLANG_ENABLE_MODULES = YES;
				CLANG_ENABLE_OBJC_ARC = YES;
				CLANG_ENABLE_OBJC_WEAK = YES;
				CLANG_WARN_BLOCK_CAPTURE_AUTORELEASING = YES;
				CLANG_WARN_BOOL_CONVERSION = YES;
				CLANG_WARN_COMMA = YES;
				CLANG_WARN_CONSTANT_CONVERSION = YES;
				CLANG_WARN_DEPRECATED_OBJC_IMPLEMENTATIONS = YES;
				CLANG_WARN_DIRECT_OBJC_ISA_USAGE = YES_ERROR;
				CLANG_WARN_DOCUMENTATION_COMMENTS = YES;
				CLANG_WARN_EMPTY_BODY = YES;
				CLANG_WARN_ENUM_CONVERSION = YES;
				CLANG_WARN_INFINITE_RECURSION = YES;
				CLANG_WARN_INT_CONVERSION = YES;
				CLANG_WARN_NON_LITERAL_NULL_CONVERSION = YES;
				CLANG_WARN_OBJC_IMPLICIT_RETAIN_SELF = YES;
				CLANG_WARN_OBJC_LITERAL_CONVERSION = YES;
				CLANG_WARN_OBJC_ROOT_CLASS = YES_ERROR;
				CLANG_WARN_RANGE_LOOP_ANALYSIS = YES;
				CLANG_WARN_STRICT_PROTOTYPES = YES;
				CLANG_WARN_SUSPICIOUS_MOVE = YES;
				CLANG_WARN_UNGUARDED_AVAILABILITY = YES_AGGRESSIVE;
				CLANG_WARN_UNREACHABLE_CODE = YES;
				CLANG_WARN__DUPLICATE_METHOD_MATCH = YES;
				CODE_SIGN_IDENTITY = "iPhone Developer";
				COPY_PHASE_STRIP = NO;
				CURRENT_PROJECT_VERSION = 1;
				DEBUG_INFORMATION_FORMAT = dwarf;
				ENABLE_BITCODE = NO;
				ENABLE_STRICT_OBJC_MSGSEND = YES;
				ENABLE_TESTABILITY = YES;
				GCC_C_LANGUAGE_STANDARD = gnu11;
				GCC_DYNAMIC_NO_PIC = NO;
				GCC_NO_COMMON_BLOCKS = YES;
				GCC_OPTIMIZATION_LEVEL = 0;
				GCC_PREPROCESSOR_DEFINITIONS = (
					"DEBUG=1",
					"$(inherited)",
				);
				GCC_WARN_64_TO_32_BIT_CONVERSION = YES;
				GCC_WARN_ABOUT_RETURN_TYPE = YES_ERROR;
				GCC_WARN_UNDECLARED_SELECTOR = YES;
				GCC_WARN_UNINITIALIZED_AUTOS = YES_AGGRESSIVE;
				GCC_WARN_UNUSED_FUNCTION = YES;
				GCC_WARN_UNUSED_VARIABLE = YES;
				IPHONEOS_DEPLOYMENT_TARGET = 13.0;
				MTL_ENABLE_DEBUG_INFO = INCLUDE_SOURCE;
				MTL_FAST_MATH = YES;
				ONLY_ACTIVE_ARCH = YES;
				SDKROOT = iphoneos;
				SKIP_INSTALL = YES;
				STRIP_STYLE = "non-global";
				SWIFT_ACTIVE_COMPILATION_CONDITIONS = DEBUG;
				SWIFT_OPTIMIZATION_LEVEL = "-Onone";
				SWIFT_REFLECTION_METADATA_LEVEL = none;
				VERSIONING_SYSTEM = "apple-generic";
				VERSION_INFO_PREFIX = "";
			};
			name = Debug;
		};
		B14293AB231F8D29006AA64C /* Release */ = {
			isa = XCBuildConfiguration;
			buildSettings = {
				ALWAYS_EMBED_SWIFT_STANDARD_LIBRARIES = NO;
				ALWAYS_SEARCH_USER_PATHS = NO;
				CLANG_ANALYZER_NONNULL = YES;
				CLANG_ANALYZER_NUMBER_OBJECT_CONVERSION = YES_AGGRESSIVE;
				CLANG_CXX_LANGUAGE_STANDARD = "gnu++14";
				CLANG_CXX_LIBRARY = "libc++";
				CLANG_ENABLE_MODULES = YES;
				CLANG_ENABLE_OBJC_ARC = YES;
				CLANG_ENABLE_OBJC_WEAK = YES;
				CLANG_WARN_BLOCK_CAPTURE_AUTORELEASING = YES;
				CLANG_WARN_BOOL_CONVERSION = YES;
				CLANG_WARN_COMMA = YES;
				CLANG_WARN_CONSTANT_CONVERSION = YES;
				CLANG_WARN_DEPRECATED_OBJC_IMPLEMENTATIONS = YES;
				CLANG_WARN_DIRECT_OBJC_ISA_USAGE = YES_ERROR;
				CLANG_WARN_DOCUMENTATION_COMMENTS = YES;
				CLANG_WARN_EMPTY_BODY = YES;
				CLANG_WARN_ENUM_CONVERSION = YES;
				CLANG_WARN_INFINITE_RECURSION = YES;
				CLANG_WARN_INT_CONVERSION = YES;
				CLANG_WARN_NON_LITERAL_NULL_CONVERSION = YES;
				CLANG_WARN_OBJC_IMPLICIT_RETAIN_SELF = YES;
				CLANG_WARN_OBJC_LITERAL_CONVERSION = YES;
				CLANG_WARN_OBJC_ROOT_CLASS = YES_ERROR;
				CLANG_WARN_RANGE_LOOP_ANALYSIS = YES;
				CLANG_WARN_STRICT_PROTOTYPES = YES;
				CLANG_WARN_SUSPICIOUS_MOVE = YES;
				CLANG_WARN_UNGUARDED_AVAILABILITY = YES_AGGRESSIVE;
				CLANG_WARN_UNREACHABLE_CODE = YES;
				CLANG_WARN__DUPLICATE_METHOD_MATCH = YES;
				CODE_SIGN_IDENTITY = "iPhone Developer";
				COPY_PHASE_STRIP = NO;
				CURRENT_PROJECT_VERSION = 1;
				DEBUG_INFORMATION_FORMAT = "dwarf-with-dsym";
				ENABLE_BITCODE = NO;
				ENABLE_NS_ASSERTIONS = NO;
				ENABLE_STRICT_OBJC_MSGSEND = YES;
				GCC_C_LANGUAGE_STANDARD = gnu11;
				GCC_NO_COMMON_BLOCKS = YES;
				GCC_WARN_64_TO_32_BIT_CONVERSION = YES;
				GCC_WARN_ABOUT_RETURN_TYPE = YES_ERROR;
				GCC_WARN_UNDECLARED_SELECTOR = YES;
				GCC_WARN_UNINITIALIZED_AUTOS = YES_AGGRESSIVE;
				GCC_WARN_UNUSED_FUNCTION = YES;
				GCC_WARN_UNUSED_VARIABLE = YES;
				IPHONEOS_DEPLOYMENT_TARGET = 13.0;
				MTL_ENABLE_DEBUG_INFO = NO;
				MTL_FAST_MATH = YES;
				SDKROOT = iphoneos;
				SKIP_INSTALL = YES;
				STRIP_STYLE = "non-global";
				SWIFT_COMPILATION_MODE = wholemodule;
				SWIFT_OPTIMIZATION_LEVEL = "-O";
				SWIFT_REFLECTION_METADATA_LEVEL = none;
				VALIDATE_PRODUCT = YES;
				VERSIONING_SYSTEM = "apple-generic";
				VERSION_INFO_PREFIX = "";
			};
			name = Release;
		};
		B14293AD231F8D29006AA64C /* Debug */ = {
			isa = XCBuildConfiguration;
			buildSettings = {
				BUILD_LIBRARY_FOR_DISTRIBUTION = YES;
				CLANG_ENABLE_MODULES = YES;
				CURRENT_PROJECT_VERSION = 1;
				DEBUG_INFORMATION_FORMAT = "dwarf-with-dsym";
				DEFINES_MODULE = YES;
				DYLIB_COMPATIBILITY_VERSION = 1;
				DYLIB_CURRENT_VERSION = 1;
				DYLIB_INSTALL_NAME_BASE = "@rpath";
				ENABLE_BITCODE = NO;
				FRAMEWORK_SEARCH_PATHS = "$(inherited)";
				INFOPLIST_FILE = SesameSDK/Info.plist;
				INSTALL_PATH = "$(LOCAL_LIBRARY_DIR)/Frameworks";
				IPHONEOS_DEPLOYMENT_TARGET = 13.0;
				LD_RUNPATH_SEARCH_PATHS = (
					"$(inherited)",
					"@executable_path/Frameworks",
					"@loader_path/Frameworks",
				);
				MARKETING_VERSION = 2.3.0;
				PRODUCT_BUNDLE_IDENTIFIER = co.candyhouse.SesameSDK;
				PRODUCT_NAME = "$(TARGET_NAME:c99extidentifier)";
				SKIP_INSTALL = YES;
				STRIP_STYLE = "non-global";
				SUPPORTS_MACCATALYST = NO;
				SWIFT_INCLUDE_PATHS = "$(SRCROOT)/SesameSDK/C2Swift";
				SWIFT_OPTIMIZATION_LEVEL = "-Onone";
				SWIFT_REFLECTION_METADATA_LEVEL = none;
				SWIFT_VERSION = 5.0;
				TARGETED_DEVICE_FAMILY = "1,2";
			};
			name = Debug;
		};
		B14293AE231F8D29006AA64C /* Release */ = {
			isa = XCBuildConfiguration;
			buildSettings = {
				BUILD_LIBRARY_FOR_DISTRIBUTION = YES;
				CLANG_ENABLE_MODULES = YES;
				CURRENT_PROJECT_VERSION = 1;
				DEFINES_MODULE = YES;
				DYLIB_COMPATIBILITY_VERSION = 1;
				DYLIB_CURRENT_VERSION = 1;
				DYLIB_INSTALL_NAME_BASE = "@rpath";
				ENABLE_BITCODE = NO;
				FRAMEWORK_SEARCH_PATHS = "$(inherited)";
				INFOPLIST_FILE = SesameSDK/Info.plist;
				INSTALL_PATH = "$(LOCAL_LIBRARY_DIR)/Frameworks";
				IPHONEOS_DEPLOYMENT_TARGET = 13.0;
				LD_RUNPATH_SEARCH_PATHS = (
					"$(inherited)",
					"@executable_path/Frameworks",
					"@loader_path/Frameworks",
				);
				MARKETING_VERSION = 2.3.0;
				PRODUCT_BUNDLE_IDENTIFIER = co.candyhouse.SesameSDK;
				PRODUCT_NAME = "$(TARGET_NAME:c99extidentifier)";
				SKIP_INSTALL = YES;
				STRIP_STYLE = "non-global";
				SUPPORTS_MACCATALYST = NO;
				SWIFT_INCLUDE_PATHS = "$(SRCROOT)/SesameSDK/C2Swift";
				SWIFT_REFLECTION_METADATA_LEVEL = none;
				SWIFT_VERSION = 5.0;
				TARGETED_DEVICE_FAMILY = "1,2";
			};
			name = Release;
		};
		BEE459C8248500D600A886D5 /* Debug */ = {
			isa = XCBuildConfiguration;
			buildSettings = {
				APPLICATION_EXTENSION_API_ONLY = YES;
				BUILD_LIBRARY_FOR_DISTRIBUTION = YES;
				CURRENT_PROJECT_VERSION = 1;
				DEFINES_MODULE = YES;
				DYLIB_COMPATIBILITY_VERSION = 1;
				DYLIB_CURRENT_VERSION = 1;
				DYLIB_INSTALL_NAME_BASE = "@rpath";
				ENABLE_BITCODE = YES;
				INFOPLIST_FILE = SesameWatchKitSDK/Info.plist;
				INSTALL_PATH = "$(LOCAL_LIBRARY_DIR)/Frameworks";
				LD_RUNPATH_SEARCH_PATHS = (
					"$(inherited)",
					"@executable_path/Frameworks",
					"@loader_path/Frameworks",
				);
				MARKETING_VERSION = 2.3.0;
				PRODUCT_BUNDLE_IDENTIFIER = co.candyhouse.SesameWatchKitSDK;
				PRODUCT_NAME = "$(TARGET_NAME:c99extidentifier)";
				SDKROOT = watchos;
				SKIP_INSTALL = YES;
				SWIFT_VERSION = 5.0;
				TARGETED_DEVICE_FAMILY = 4;
				WATCHOS_DEPLOYMENT_TARGET = 7.0;
			};
			name = Debug;
		};
		BEE459C9248500D600A886D5 /* Release */ = {
			isa = XCBuildConfiguration;
			buildSettings = {
				APPLICATION_EXTENSION_API_ONLY = YES;
				BUILD_LIBRARY_FOR_DISTRIBUTION = YES;
				CURRENT_PROJECT_VERSION = 1;
				DEFINES_MODULE = YES;
				DYLIB_COMPATIBILITY_VERSION = 1;
				DYLIB_CURRENT_VERSION = 1;
				DYLIB_INSTALL_NAME_BASE = "@rpath";
				ENABLE_BITCODE = YES;
				INFOPLIST_FILE = SesameWatchKitSDK/Info.plist;
				INSTALL_PATH = "$(LOCAL_LIBRARY_DIR)/Frameworks";
				LD_RUNPATH_SEARCH_PATHS = (
					"$(inherited)",
					"@executable_path/Frameworks",
					"@loader_path/Frameworks",
				);
				MARKETING_VERSION = 2.3.0;
				PRODUCT_BUNDLE_IDENTIFIER = co.candyhouse.SesameWatchKitSDK;
				PRODUCT_NAME = "$(TARGET_NAME:c99extidentifier)";
				SDKROOT = watchos;
				SKIP_INSTALL = YES;
				SWIFT_VERSION = 5.0;
				TARGETED_DEVICE_FAMILY = 4;
				WATCHOS_DEPLOYMENT_TARGET = 7.0;
			};
			name = Release;
		};
/* End XCBuildConfiguration section */

/* Begin XCConfigurationList section */
		B1429392231F8D29006AA64C /* Build configuration list for PBXProject "SesameSDK" */ = {
			isa = XCConfigurationList;
			buildConfigurations = (
				B14293AA231F8D29006AA64C /* Debug */,
				B14293AB231F8D29006AA64C /* Release */,
			);
			defaultConfigurationIsVisible = 0;
			defaultConfigurationName = Release;
		};
		B14293AC231F8D29006AA64C /* Build configuration list for PBXNativeTarget "SesameSDK" */ = {
			isa = XCConfigurationList;
			buildConfigurations = (
				B14293AD231F8D29006AA64C /* Debug */,
				B14293AE231F8D29006AA64C /* Release */,
			);
			defaultConfigurationIsVisible = 0;
			defaultConfigurationName = Release;
		};
		BEE459CA248500D600A886D5 /* Build configuration list for PBXNativeTarget "SesameWatchKitSDK" */ = {
			isa = XCConfigurationList;
			buildConfigurations = (
				BEE459C8248500D600A886D5 /* Debug */,
				BEE459C9248500D600A886D5 /* Release */,
			);
			defaultConfigurationIsVisible = 0;
			defaultConfigurationName = Release;
		};
/* End XCConfigurationList section */

/* Begin XCVersionGroup section */
		B0DA2DEC251DC5200041E8A3 /* CHDeviceModel.xcdatamodeld */ = {
			isa = XCVersionGroup;
			children = (
				B0DA2DED251DC5200041E8A3 /* CHDeviceModel.xcdatamodel */,
			);
			currentVersion = B0DA2DED251DC5200041E8A3 /* CHDeviceModel.xcdatamodel */;
			path = CHDeviceModel.xcdatamodeld;
			sourceTree = "<group>";
			versionGroupType = wrapper.xcdatamodel;
		};
/* End XCVersionGroup section */
	};
	rootObject = B142938F231F8D29006AA64C /* Project object */;
}
